// !$*UTF8*$!
{
	archiveVersion = 1;
	classes = {
	};
	objectVersion = 50;
	objects = {

/* Begin PBXBuildFile section */
		0A091C233D5F6624687187CE /* Pods_Photosophia6.framework in Frameworks */ = {isa = PBXBuildFile; fileRef = 44117FE502ED3549404AAE5F /* Pods_Photosophia6.framework */; };
		9D332B56F3807C07F664D38C /* Pods_Photosophia6UITests.framework in Frameworks */ = {isa = PBXBuildFile; fileRef = E1260625AFDB6AC71FFE65A3 /* Pods_Photosophia6UITests.framework */; };
		EE8CD425E3B29AD5218D6BB8 /* Pods_Photosophia6Tests.framework in Frameworks */ = {isa = PBXBuildFile; fileRef = ADE425C886CD1DD0EC6195D0 /* Pods_Photosophia6Tests.framework */; };
		F313177F22540B4300D4ECA5 /* InterestingPhotosViewModel.swift in Sources */ = {isa = PBXBuildFile; fileRef = F313177E22540B4300D4ECA5 /* InterestingPhotosViewModel.swift */; };
		F313178122540B6E00D4ECA5 /* InterestingPhotosViewController.swift in Sources */ = {isa = PBXBuildFile; fileRef = F313178022540B6E00D4ECA5 /* InterestingPhotosViewController.swift */; };
		F31317852254124300D4ECA5 /* ViewProtocol.swift in Sources */ = {isa = PBXBuildFile; fileRef = F31317842254124300D4ECA5 /* ViewProtocol.swift */; };
		F31317872254229E00D4ECA5 /* Flickr+Auth.swift in Sources */ = {isa = PBXBuildFile; fileRef = F31317862254229E00D4ECA5 /* Flickr+Auth.swift */; };
		F313178922542C6C00D4ECA5 /* ThumbnailCell.swift in Sources */ = {isa = PBXBuildFile; fileRef = F313178822542C6C00D4ECA5 /* ThumbnailCell.swift */; };
		F313178B22542DC500D4ECA5 /* ViewModelRxProtocol.swift in Sources */ = {isa = PBXBuildFile; fileRef = F313178A22542DC500D4ECA5 /* ViewModelRxProtocol.swift */; };
		F313178D22545E7C00D4ECA5 /* LoginViewModel.swift in Sources */ = {isa = PBXBuildFile; fileRef = F313178C22545E7C00D4ECA5 /* LoginViewModel.swift */; };
		F31317912254744700D4ECA5 /* Segue.swift in Sources */ = {isa = PBXBuildFile; fileRef = F31317902254744700D4ECA5 /* Segue.swift */; };
		F3131794225489D700D4ECA5 /* Flickr+UserCases.swift in Sources */ = {isa = PBXBuildFile; fileRef = F3131793225489D700D4ECA5 /* Flickr+UserCases.swift */; };
		F3777F31226E8B1E00F890FF /* FlickrLoginCell.swift in Sources */ = {isa = PBXBuildFile; fileRef = F3777F30226E8B1E00F890FF /* FlickrLoginCell.swift */; };
		F386DCDD226BD727008B5287 /* Logger.swift in Sources */ = {isa = PBXBuildFile; fileRef = F386DCDC226BD727008B5287 /* Logger.swift */; };
		F386DCDF226BD909008B5287 /* InterestingPhotosViewController+Auth.swift in Sources */ = {isa = PBXBuildFile; fileRef = F386DCDE226BD909008B5287 /* InterestingPhotosViewController+Auth.swift */; };
		F386DCE1226BDCA0008B5287 /* UIErrorHandling.swift in Sources */ = {isa = PBXBuildFile; fileRef = F386DCE0226BDCA0008B5287 /* UIErrorHandling.swift */; };
		F39C7829226C31E2003D730A /* InterestingPhotosViewController+PhotoBrowser.swift in Sources */ = {isa = PBXBuildFile; fileRef = F39C7828226C31E2003D730A /* InterestingPhotosViewController+PhotoBrowser.swift */; };
		F3A648742271997F005B97CB /* DevTool.swift in Sources */ = {isa = PBXBuildFile; fileRef = F3A648732271997F005B97CB /* DevTool.swift */; };
		F3C400AC2251128900131E74 /* AppDelegate.swift in Sources */ = {isa = PBXBuildFile; fileRef = F3C400AB2251128900131E74 /* AppDelegate.swift */; };
		F3C400AE2251128900131E74 /* ViewController.swift in Sources */ = {isa = PBXBuildFile; fileRef = F3C400AD2251128900131E74 /* ViewController.swift */; };
		F3C400B12251128900131E74 /* Main.storyboard in Resources */ = {isa = PBXBuildFile; fileRef = F3C400AF2251128900131E74 /* Main.storyboard */; };
		F3C400B32251128A00131E74 /* Assets.xcassets in Resources */ = {isa = PBXBuildFile; fileRef = F3C400B22251128A00131E74 /* Assets.xcassets */; };
		F3C400B62251128A00131E74 /* LaunchScreen.storyboard in Resources */ = {isa = PBXBuildFile; fileRef = F3C400B42251128A00131E74 /* LaunchScreen.storyboard */; };
		F3C400C12251128A00131E74 /* Photosophia6Tests.swift in Sources */ = {isa = PBXBuildFile; fileRef = F3C400C02251128A00131E74 /* Photosophia6Tests.swift */; };
		F3C400CC2251128A00131E74 /* Photosophia6UITests.swift in Sources */ = {isa = PBXBuildFile; fileRef = F3C400CB2251128A00131E74 /* Photosophia6UITests.swift */; };
		F3C400DA225112C800131E74 /* Podfile in Resources */ = {isa = PBXBuildFile; fileRef = F3C400D9225112C800131E74 /* Podfile */; };
		F3C400DD225114EF00131E74 /* Constants.swift in Sources */ = {isa = PBXBuildFile; fileRef = F3C400DC225114EF00131E74 /* Constants.swift */; };
		F3C400DF2251157300131E74 /* Flickr.swift in Sources */ = {isa = PBXBuildFile; fileRef = F3C400DE2251157300131E74 /* Flickr.swift */; };
		F3C400E12251850E00131E74 /* AuthWebViewController.swift in Sources */ = {isa = PBXBuildFile; fileRef = F3C400E02251850E00131E74 /* AuthWebViewController.swift */; };
		F3C400E42251859400131E74 /* UIViewControllerUtils.swift in Sources */ = {isa = PBXBuildFile; fileRef = F3C400E32251859400131E74 /* UIViewControllerUtils.swift */; };
		F3C400E6225189C200131E74 /* WebKit.framework in Frameworks */ = {isa = PBXBuildFile; fileRef = F3C400E5225189C200131E74 /* WebKit.framework */; };
		F3C400E82251B02100131E74 /* Group+Codable.swift in Sources */ = {isa = PBXBuildFile; fileRef = F3C400E72251B02100131E74 /* Group+Codable.swift */; };
		F3C400EA2252505C00131E74 /* Photo+Codable.swift in Sources */ = {isa = PBXBuildFile; fileRef = F3C400E92252505B00131E74 /* Photo+Codable.swift */; };
		F3F792B92254DDF1003D56A5 /* PhotoSearchModel.swift in Sources */ = {isa = PBXBuildFile; fileRef = F3F792B82254DDF1003D56A5 /* PhotoSearchModel.swift */; };
		F3FBE88E22966C4B00A64B13 /* Flickr+Protocol.swift in Sources */ = {isa = PBXBuildFile; fileRef = F3FBE88D22966C4B00A64B13 /* Flickr+Protocol.swift */; };
		F3FBE89022966C6400A64B13 /* FlickrTestData.swift in Sources */ = {isa = PBXBuildFile; fileRef = F3FBE88F22966C6400A64B13 /* FlickrTestData.swift */; };
		F3FBE89822966FE400A64B13 /* TestRxQueue.swift in Sources */ = {isa = PBXBuildFile; fileRef = F3FBE89722966FE400A64B13 /* TestRxQueue.swift */; };
		F3FBE8A1229670D800A64B13 /* TestRxBehaviors.swift in Sources */ = {isa = PBXBuildFile; fileRef = F3FBE8A0229670D800A64B13 /* TestRxBehaviors.swift */; };
/* End PBXBuildFile section */

/* Begin PBXContainerItemProxy section */
		F3C400BD2251128A00131E74 /* PBXContainerItemProxy */ = {
			isa = PBXContainerItemProxy;
			containerPortal = F3C400A02251128800131E74 /* Project object */;
			proxyType = 1;
			remoteGlobalIDString = F3C400A72251128900131E74;
			remoteInfo = Photosophia6;
		};
		F3C400C82251128A00131E74 /* PBXContainerItemProxy */ = {
			isa = PBXContainerItemProxy;
			containerPortal = F3C400A02251128800131E74 /* Project object */;
			proxyType = 1;
			remoteGlobalIDString = F3C400A72251128900131E74;
			remoteInfo = Photosophia6;
		};
		F3FBE89A22966FE400A64B13 /* PBXContainerItemProxy */ = {
			isa = PBXContainerItemProxy;
			containerPortal = F3C400A02251128800131E74 /* Project object */;
			proxyType = 1;
			remoteGlobalIDString = F3C400A72251128900131E74;
			remoteInfo = Photosophia6;
		};
/* End PBXContainerItemProxy section */

/* Begin PBXFileReference section */
		0443B67BA5E679E311182530 /* Pods-Photosophia6Tests.release.xcconfig */ = {isa = PBXFileReference; includeInIndex = 1; lastKnownFileType = text.xcconfig; name = "Pods-Photosophia6Tests.release.xcconfig"; path = "Pods/Target Support Files/Pods-Photosophia6Tests/Pods-Photosophia6Tests.release.xcconfig"; sourceTree = "<group>"; };
		1EE67629101F39E37435F40E /* Pods-Photosophia6.debug.xcconfig */ = {isa = PBXFileReference; includeInIndex = 1; lastKnownFileType = text.xcconfig; name = "Pods-Photosophia6.debug.xcconfig"; path = "Pods/Target Support Files/Pods-Photosophia6/Pods-Photosophia6.debug.xcconfig"; sourceTree = "<group>"; };
		412B0A30FBE7AD4307663F37 /* Pods-Photosophia6Tests.testdata.xcconfig */ = {isa = PBXFileReference; includeInIndex = 1; lastKnownFileType = text.xcconfig; name = "Pods-Photosophia6Tests.testdata.xcconfig"; path = "Pods/Target Support Files/Pods-Photosophia6Tests/Pods-Photosophia6Tests.testdata.xcconfig"; sourceTree = "<group>"; };
		44117FE502ED3549404AAE5F /* Pods_Photosophia6.framework */ = {isa = PBXFileReference; explicitFileType = wrapper.framework; includeInIndex = 0; path = Pods_Photosophia6.framework; sourceTree = BUILT_PRODUCTS_DIR; };
		60E3E3C8E8505A1E521382FD /* Pods-Photosophia6Tests.debug.xcconfig */ = {isa = PBXFileReference; includeInIndex = 1; lastKnownFileType = text.xcconfig; name = "Pods-Photosophia6Tests.debug.xcconfig"; path = "Pods/Target Support Files/Pods-Photosophia6Tests/Pods-Photosophia6Tests.debug.xcconfig"; sourceTree = "<group>"; };
		6B4278B6FCE35270316904E4 /* Pods-Photosophia6.release.xcconfig */ = {isa = PBXFileReference; includeInIndex = 1; lastKnownFileType = text.xcconfig; name = "Pods-Photosophia6.release.xcconfig"; path = "Pods/Target Support Files/Pods-Photosophia6/Pods-Photosophia6.release.xcconfig"; sourceTree = "<group>"; };
		ADE425C886CD1DD0EC6195D0 /* Pods_Photosophia6Tests.framework */ = {isa = PBXFileReference; explicitFileType = wrapper.framework; includeInIndex = 0; path = Pods_Photosophia6Tests.framework; sourceTree = BUILT_PRODUCTS_DIR; };
		B66CA72C8CE14F510FC98AA5 /* Pods-Photosophia6UITests.testdata.xcconfig */ = {isa = PBXFileReference; includeInIndex = 1; lastKnownFileType = text.xcconfig; name = "Pods-Photosophia6UITests.testdata.xcconfig"; path = "Pods/Target Support Files/Pods-Photosophia6UITests/Pods-Photosophia6UITests.testdata.xcconfig"; sourceTree = "<group>"; };
		B952DD5B74B694CCD553EFE8 /* Pods-Photosophia6UITests.release.xcconfig */ = {isa = PBXFileReference; includeInIndex = 1; lastKnownFileType = text.xcconfig; name = "Pods-Photosophia6UITests.release.xcconfig"; path = "Pods/Target Support Files/Pods-Photosophia6UITests/Pods-Photosophia6UITests.release.xcconfig"; sourceTree = "<group>"; };
		D248F43DBCA8B52B60904A97 /* Pods-Photosophia6UITests.debug.xcconfig */ = {isa = PBXFileReference; includeInIndex = 1; lastKnownFileType = text.xcconfig; name = "Pods-Photosophia6UITests.debug.xcconfig"; path = "Pods/Target Support Files/Pods-Photosophia6UITests/Pods-Photosophia6UITests.debug.xcconfig"; sourceTree = "<group>"; };
		E1260625AFDB6AC71FFE65A3 /* Pods_Photosophia6UITests.framework */ = {isa = PBXFileReference; explicitFileType = wrapper.framework; includeInIndex = 0; path = Pods_Photosophia6UITests.framework; sourceTree = BUILT_PRODUCTS_DIR; };
		F296D8CCD5A081315BB42793 /* Pods-Photosophia6.testdata.xcconfig */ = {isa = PBXFileReference; includeInIndex = 1; lastKnownFileType = text.xcconfig; name = "Pods-Photosophia6.testdata.xcconfig"; path = "Pods/Target Support Files/Pods-Photosophia6/Pods-Photosophia6.testdata.xcconfig"; sourceTree = "<group>"; };
		F313177E22540B4300D4ECA5 /* InterestingPhotosViewModel.swift */ = {isa = PBXFileReference; lastKnownFileType = sourcecode.swift; path = InterestingPhotosViewModel.swift; sourceTree = "<group>"; };
		F313178022540B6E00D4ECA5 /* InterestingPhotosViewController.swift */ = {isa = PBXFileReference; lastKnownFileType = sourcecode.swift; path = InterestingPhotosViewController.swift; sourceTree = "<group>"; };
		F31317842254124300D4ECA5 /* ViewProtocol.swift */ = {isa = PBXFileReference; lastKnownFileType = sourcecode.swift; path = ViewProtocol.swift; sourceTree = "<group>"; };
		F31317862254229E00D4ECA5 /* Flickr+Auth.swift */ = {isa = PBXFileReference; lastKnownFileType = sourcecode.swift; path = "Flickr+Auth.swift"; sourceTree = "<group>"; };
		F313178822542C6C00D4ECA5 /* ThumbnailCell.swift */ = {isa = PBXFileReference; lastKnownFileType = sourcecode.swift; path = ThumbnailCell.swift; sourceTree = "<group>"; };
		F313178A22542DC500D4ECA5 /* ViewModelRxProtocol.swift */ = {isa = PBXFileReference; lastKnownFileType = sourcecode.swift; path = ViewModelRxProtocol.swift; sourceTree = "<group>"; };
		F313178C22545E7C00D4ECA5 /* LoginViewModel.swift */ = {isa = PBXFileReference; lastKnownFileType = sourcecode.swift; path = LoginViewModel.swift; sourceTree = "<group>"; };
		F31317902254744700D4ECA5 /* Segue.swift */ = {isa = PBXFileReference; lastKnownFileType = sourcecode.swift; path = Segue.swift; sourceTree = "<group>"; };
		F3131793225489D700D4ECA5 /* Flickr+UserCases.swift */ = {isa = PBXFileReference; lastKnownFileType = sourcecode.swift; path = "Flickr+UserCases.swift"; sourceTree = "<group>"; };
		F3777F30226E8B1E00F890FF /* FlickrLoginCell.swift */ = {isa = PBXFileReference; lastKnownFileType = sourcecode.swift; path = FlickrLoginCell.swift; sourceTree = "<group>"; };
		F386DCDC226BD727008B5287 /* Logger.swift */ = {isa = PBXFileReference; lastKnownFileType = sourcecode.swift; path = Logger.swift; sourceTree = "<group>"; };
		F386DCDE226BD909008B5287 /* InterestingPhotosViewController+Auth.swift */ = {isa = PBXFileReference; lastKnownFileType = sourcecode.swift; path = "InterestingPhotosViewController+Auth.swift"; sourceTree = "<group>"; };
		F386DCE0226BDCA0008B5287 /* UIErrorHandling.swift */ = {isa = PBXFileReference; lastKnownFileType = sourcecode.swift; path = UIErrorHandling.swift; sourceTree = "<group>"; };
		F39C7828226C31E2003D730A /* InterestingPhotosViewController+PhotoBrowser.swift */ = {isa = PBXFileReference; lastKnownFileType = sourcecode.swift; path = "InterestingPhotosViewController+PhotoBrowser.swift"; sourceTree = "<group>"; };
		F3A648732271997F005B97CB /* DevTool.swift */ = {isa = PBXFileReference; lastKnownFileType = sourcecode.swift; name = DevTool.swift; path = dev/DevTool.swift; sourceTree = "<group>"; };
		F3C400A82251128900131E74 /* Photosophia6.app */ = {isa = PBXFileReference; explicitFileType = wrapper.application; includeInIndex = 0; path = Photosophia6.app; sourceTree = BUILT_PRODUCTS_DIR; };
		F3C400AB2251128900131E74 /* AppDelegate.swift */ = {isa = PBXFileReference; lastKnownFileType = sourcecode.swift; path = AppDelegate.swift; sourceTree = "<group>"; };
		F3C400AD2251128900131E74 /* ViewController.swift */ = {isa = PBXFileReference; lastKnownFileType = sourcecode.swift; path = ViewController.swift; sourceTree = "<group>"; };
		F3C400B02251128900131E74 /* Base */ = {isa = PBXFileReference; lastKnownFileType = file.storyboard; name = Base; path = Base.lproj/Main.storyboard; sourceTree = "<group>"; };
		F3C400B22251128A00131E74 /* Assets.xcassets */ = {isa = PBXFileReference; lastKnownFileType = folder.assetcatalog; path = Assets.xcassets; sourceTree = "<group>"; };
		F3C400B52251128A00131E74 /* Base */ = {isa = PBXFileReference; lastKnownFileType = file.storyboard; name = Base; path = Base.lproj/LaunchScreen.storyboard; sourceTree = "<group>"; };
		F3C400B72251128A00131E74 /* Info.plist */ = {isa = PBXFileReference; lastKnownFileType = text.plist.xml; path = Info.plist; sourceTree = "<group>"; };
		F3C400BC2251128A00131E74 /* Photosophia6Tests.xctest */ = {isa = PBXFileReference; explicitFileType = wrapper.cfbundle; includeInIndex = 0; path = Photosophia6Tests.xctest; sourceTree = BUILT_PRODUCTS_DIR; };
		F3C400C02251128A00131E74 /* Photosophia6Tests.swift */ = {isa = PBXFileReference; lastKnownFileType = sourcecode.swift; path = Photosophia6Tests.swift; sourceTree = "<group>"; };
		F3C400C22251128A00131E74 /* Info.plist */ = {isa = PBXFileReference; lastKnownFileType = text.plist.xml; path = Info.plist; sourceTree = "<group>"; };
		F3C400C72251128A00131E74 /* Photosophia6UITests.xctest */ = {isa = PBXFileReference; explicitFileType = wrapper.cfbundle; includeInIndex = 0; path = Photosophia6UITests.xctest; sourceTree = BUILT_PRODUCTS_DIR; };
		F3C400CB2251128A00131E74 /* Photosophia6UITests.swift */ = {isa = PBXFileReference; lastKnownFileType = sourcecode.swift; path = Photosophia6UITests.swift; sourceTree = "<group>"; };
		F3C400CD2251128A00131E74 /* Info.plist */ = {isa = PBXFileReference; lastKnownFileType = text.plist.xml; path = Info.plist; sourceTree = "<group>"; };
		F3C400D9225112C800131E74 /* Podfile */ = {isa = PBXFileReference; fileEncoding = 4; lastKnownFileType = text; path = Podfile; sourceTree = "<group>"; xcLanguageSpecificationIdentifier = xcode.lang.ruby; };
		F3C400DC225114EF00131E74 /* Constants.swift */ = {isa = PBXFileReference; lastKnownFileType = sourcecode.swift; path = Constants.swift; sourceTree = "<group>"; };
		F3C400DE2251157300131E74 /* Flickr.swift */ = {isa = PBXFileReference; lastKnownFileType = sourcecode.swift; path = Flickr.swift; sourceTree = "<group>"; };
		F3C400E02251850E00131E74 /* AuthWebViewController.swift */ = {isa = PBXFileReference; lastKnownFileType = sourcecode.swift; path = AuthWebViewController.swift; sourceTree = "<group>"; };
		F3C400E32251859400131E74 /* UIViewControllerUtils.swift */ = {isa = PBXFileReference; lastKnownFileType = sourcecode.swift; path = UIViewControllerUtils.swift; sourceTree = "<group>"; };
		F3C400E5225189C200131E74 /* WebKit.framework */ = {isa = PBXFileReference; lastKnownFileType = wrapper.framework; name = WebKit.framework; path = System/Library/Frameworks/WebKit.framework; sourceTree = SDKROOT; };
		F3C400E72251B02100131E74 /* Group+Codable.swift */ = {isa = PBXFileReference; lastKnownFileType = sourcecode.swift; path = "Group+Codable.swift"; sourceTree = "<group>"; };
		F3C400E92252505B00131E74 /* Photo+Codable.swift */ = {isa = PBXFileReference; lastKnownFileType = sourcecode.swift; path = "Photo+Codable.swift"; sourceTree = "<group>"; };
		F3F792B82254DDF1003D56A5 /* PhotoSearchModel.swift */ = {isa = PBXFileReference; lastKnownFileType = sourcecode.swift; path = PhotoSearchModel.swift; sourceTree = "<group>"; };
		F3FBE88D22966C4B00A64B13 /* Flickr+Protocol.swift */ = {isa = PBXFileReference; fileEncoding = 4; lastKnownFileType = sourcecode.swift; path = "Flickr+Protocol.swift"; sourceTree = "<group>"; };
		F3FBE88F22966C6400A64B13 /* FlickrTestData.swift */ = {isa = PBXFileReference; lastKnownFileType = sourcecode.swift; path = FlickrTestData.swift; sourceTree = "<group>"; };
		F3FBE89522966FE400A64B13 /* TestRxQueue.xctest */ = {isa = PBXFileReference; explicitFileType = wrapper.cfbundle; includeInIndex = 0; path = TestRxQueue.xctest; sourceTree = BUILT_PRODUCTS_DIR; };
		F3FBE89722966FE400A64B13 /* TestRxQueue.swift */ = {isa = PBXFileReference; lastKnownFileType = sourcecode.swift; path = TestRxQueue.swift; sourceTree = "<group>"; };
		F3FBE89922966FE400A64B13 /* Info.plist */ = {isa = PBXFileReference; lastKnownFileType = text.plist.xml; path = Info.plist; sourceTree = "<group>"; };
		F3FBE8A0229670D800A64B13 /* TestRxBehaviors.swift */ = {isa = PBXFileReference; lastKnownFileType = sourcecode.swift; path = TestRxBehaviors.swift; sourceTree = "<group>"; };
/* End PBXFileReference section */

/* Begin PBXFrameworksBuildPhase section */
		F3C400A52251128900131E74 /* Frameworks */ = {
			isa = PBXFrameworksBuildPhase;
			buildActionMask = 2147483647;
			files = (
				F3C400E6225189C200131E74 /* WebKit.framework in Frameworks */,
				0A091C233D5F6624687187CE /* Pods_Photosophia6.framework in Frameworks */,
			);
			runOnlyForDeploymentPostprocessing = 0;
		};
		F3C400B92251128A00131E74 /* Frameworks */ = {
			isa = PBXFrameworksBuildPhase;
			buildActionMask = 2147483647;
			files = (
				EE8CD425E3B29AD5218D6BB8 /* Pods_Photosophia6Tests.framework in Frameworks */,
			);
			runOnlyForDeploymentPostprocessing = 0;
		};
		F3C400C42251128A00131E74 /* Frameworks */ = {
			isa = PBXFrameworksBuildPhase;
			buildActionMask = 2147483647;
			files = (
				9D332B56F3807C07F664D38C /* Pods_Photosophia6UITests.framework in Frameworks */,
			);
			runOnlyForDeploymentPostprocessing = 0;
		};
		F3FBE89222966FE400A64B13 /* Frameworks */ = {
			isa = PBXFrameworksBuildPhase;
			buildActionMask = 2147483647;
			files = (
			);
			runOnlyForDeploymentPostprocessing = 0;
		};
/* End PBXFrameworksBuildPhase section */

/* Begin PBXGroup section */
		427BC9DE32646AF8378515EE /* Pods */ = {
			isa = PBXGroup;
			children = (
				1EE67629101F39E37435F40E /* Pods-Photosophia6.debug.xcconfig */,
				6B4278B6FCE35270316904E4 /* Pods-Photosophia6.release.xcconfig */,
				60E3E3C8E8505A1E521382FD /* Pods-Photosophia6Tests.debug.xcconfig */,
				0443B67BA5E679E311182530 /* Pods-Photosophia6Tests.release.xcconfig */,
				D248F43DBCA8B52B60904A97 /* Pods-Photosophia6UITests.debug.xcconfig */,
				B952DD5B74B694CCD553EFE8 /* Pods-Photosophia6UITests.release.xcconfig */,
				F296D8CCD5A081315BB42793 /* Pods-Photosophia6.testdata.xcconfig */,
				412B0A30FBE7AD4307663F37 /* Pods-Photosophia6Tests.testdata.xcconfig */,
				B66CA72C8CE14F510FC98AA5 /* Pods-Photosophia6UITests.testdata.xcconfig */,
			);
			name = Pods;
			sourceTree = "<group>";
		};
		B6BE2F33712DE0FE95666C20 /* Frameworks */ = {
			isa = PBXGroup;
			children = (
				F3C400E5225189C200131E74 /* WebKit.framework */,
				44117FE502ED3549404AAE5F /* Pods_Photosophia6.framework */,
				ADE425C886CD1DD0EC6195D0 /* Pods_Photosophia6Tests.framework */,
				E1260625AFDB6AC71FFE65A3 /* Pods_Photosophia6UITests.framework */,
			);
			name = Frameworks;
			sourceTree = "<group>";
		};
		F313177B2254091400D4ECA5 /* view models */ = {
			isa = PBXGroup;
			children = (
				F313178C22545E7C00D4ECA5 /* LoginViewModel.swift */,
				F313177E22540B4300D4ECA5 /* InterestingPhotosViewModel.swift */,
				F313178A22542DC500D4ECA5 /* ViewModelRxProtocol.swift */,
				F386DCDC226BD727008B5287 /* Logger.swift */,
				F386DCE0226BDCA0008B5287 /* UIErrorHandling.swift */,
			);
			path = "view models";
			sourceTree = "<group>";
		};
		F3C4009F2251128800131E74 = {
			isa = PBXGroup;
			children = (
				F3C400AA2251128900131E74 /* Photosophia6 */,
				F3C400BF2251128A00131E74 /* Photosophia6Tests */,
				F3C400CA2251128A00131E74 /* Photosophia6UITests */,
				F3FBE89622966FE400A64B13 /* TestRxQueue */,
				F3C400A92251128900131E74 /* Products */,
				F3C400D9225112C800131E74 /* Podfile */,
				427BC9DE32646AF8378515EE /* Pods */,
				B6BE2F33712DE0FE95666C20 /* Frameworks */,
			);
			sourceTree = "<group>";
		};
		F3C400A92251128900131E74 /* Products */ = {
			isa = PBXGroup;
			children = (
				F3C400A82251128900131E74 /* Photosophia6.app */,
				F3C400BC2251128A00131E74 /* Photosophia6Tests.xctest */,
				F3C400C72251128A00131E74 /* Photosophia6UITests.xctest */,
				F3FBE89522966FE400A64B13 /* TestRxQueue.xctest */,
			);
			name = Products;
			sourceTree = "<group>";
		};
		F3C400AA2251128900131E74 /* Photosophia6 */ = {
			isa = PBXGroup;
			children = (
				F3C400AB2251128900131E74 /* AppDelegate.swift */,
				F3C400DB2251149200131E74 /* flickr api */,
				F313177B2254091400D4ECA5 /* view models */,
				F3C400E22251851600131E74 /* view controllers */,
				F3C400AD2251128900131E74 /* ViewController.swift */,
				F3C400AF2251128900131E74 /* Main.storyboard */,
				F3C400B22251128A00131E74 /* Assets.xcassets */,
				F3C400B42251128A00131E74 /* LaunchScreen.storyboard */,
				F3C400B72251128A00131E74 /* Info.plist */,
				F3A648732271997F005B97CB /* DevTool.swift */,
			);
			path = Photosophia6;
			sourceTree = "<group>";
		};
		F3C400BF2251128A00131E74 /* Photosophia6Tests */ = {
			isa = PBXGroup;
			children = (
				F3FBE8A0229670D800A64B13 /* TestRxBehaviors.swift */,
				F3C400C02251128A00131E74 /* Photosophia6Tests.swift */,
				F3C400C22251128A00131E74 /* Info.plist */,
			);
			path = Photosophia6Tests;
			sourceTree = "<group>";
		};
		F3C400CA2251128A00131E74 /* Photosophia6UITests */ = {
			isa = PBXGroup;
			children = (
				F3C400CB2251128A00131E74 /* Photosophia6UITests.swift */,
				F3C400CD2251128A00131E74 /* Info.plist */,
			);
			path = Photosophia6UITests;
			sourceTree = "<group>";
		};
		F3C400DB2251149200131E74 /* flickr api */ = {
			isa = PBXGroup;
			children = (
				F3FBE88D22966C4B00A64B13 /* Flickr+Protocol.swift */,
				F3FBE88F22966C6400A64B13 /* FlickrTestData.swift */,
				F31317862254229E00D4ECA5 /* Flickr+Auth.swift */,
				F3C400DE2251157300131E74 /* Flickr.swift */,
				F3131793225489D700D4ECA5 /* Flickr+UserCases.swift */,
				F3C400DC225114EF00131E74 /* Constants.swift */,
				F3C400E72251B02100131E74 /* Group+Codable.swift */,
				F3C400E92252505B00131E74 /* Photo+Codable.swift */,
				F3F792B82254DDF1003D56A5 /* PhotoSearchModel.swift */,
			);
			path = "flickr api";
			sourceTree = "<group>";
		};
		F3C400E22251851600131E74 /* view controllers */ = {
			isa = PBXGroup;
			children = (
				F3C400E02251850E00131E74 /* AuthWebViewController.swift */,
				F3C400E32251859400131E74 /* UIViewControllerUtils.swift */,
				F313178022540B6E00D4ECA5 /* InterestingPhotosViewController.swift */,
				F39C7828226C31E2003D730A /* InterestingPhotosViewController+PhotoBrowser.swift */,
				F386DCDE226BD909008B5287 /* InterestingPhotosViewController+Auth.swift */,
				F31317842254124300D4ECA5 /* ViewProtocol.swift */,
				F313178822542C6C00D4ECA5 /* ThumbnailCell.swift */,
				F31317902254744700D4ECA5 /* Segue.swift */,
				F3777F30226E8B1E00F890FF /* FlickrLoginCell.swift */,
			);
			path = "view controllers";
			sourceTree = "<group>";
		};
		F3FBE89622966FE400A64B13 /* TestRxQueue */ = {
			isa = PBXGroup;
			children = (
				F3FBE89722966FE400A64B13 /* TestRxQueue.swift */,
				F3FBE89922966FE400A64B13 /* Info.plist */,
			);
			path = TestRxQueue;
			sourceTree = "<group>";
		};
/* End PBXGroup section */

/* Begin PBXNativeTarget section */
		F3C400A72251128900131E74 /* Photosophia6 */ = {
			isa = PBXNativeTarget;
			buildConfigurationList = F3C400D02251128A00131E74 /* Build configuration list for PBXNativeTarget "Photosophia6" */;
			buildPhases = (
				40DB56769E4A0FF2426512DB /* [CP] Check Pods Manifest.lock */,
				F3C400A42251128900131E74 /* Sources */,
				F3C400A52251128900131E74 /* Frameworks */,
				F3C400A62251128900131E74 /* Resources */,
				7D36477A65D1603BF944F325 /* [CP] Embed Pods Frameworks */,
			);
			buildRules = (
			);
			dependencies = (
			);
			name = Photosophia6;
			productName = Photosophia6;
			productReference = F3C400A82251128900131E74 /* Photosophia6.app */;
			productType = "com.apple.product-type.application";
		};
		F3C400BB2251128A00131E74 /* Photosophia6Tests */ = {
			isa = PBXNativeTarget;
			buildConfigurationList = F3C400D32251128A00131E74 /* Build configuration list for PBXNativeTarget "Photosophia6Tests" */;
			buildPhases = (
				871A84F4DFB2063DC5F3BB59 /* [CP] Check Pods Manifest.lock */,
				F3C400B82251128A00131E74 /* Sources */,
				F3C400B92251128A00131E74 /* Frameworks */,
				F3C400BA2251128A00131E74 /* Resources */,
			);
			buildRules = (
			);
			dependencies = (
				F3C400BE2251128A00131E74 /* PBXTargetDependency */,
			);
			name = Photosophia6Tests;
			productName = Photosophia6Tests;
			productReference = F3C400BC2251128A00131E74 /* Photosophia6Tests.xctest */;
			productType = "com.apple.product-type.bundle.unit-test";
		};
		F3C400C62251128A00131E74 /* Photosophia6UITests */ = {
			isa = PBXNativeTarget;
			buildConfigurationList = F3C400D62251128A00131E74 /* Build configuration list for PBXNativeTarget "Photosophia6UITests" */;
			buildPhases = (
				CE76067515EFA70A52D3D819 /* [CP] Check Pods Manifest.lock */,
				F3C400C32251128A00131E74 /* Sources */,
				F3C400C42251128A00131E74 /* Frameworks */,
				F3C400C52251128A00131E74 /* Resources */,
			);
			buildRules = (
			);
			dependencies = (
				F3C400C92251128A00131E74 /* PBXTargetDependency */,
			);
			name = Photosophia6UITests;
			productName = Photosophia6UITests;
			productReference = F3C400C72251128A00131E74 /* Photosophia6UITests.xctest */;
			productType = "com.apple.product-type.bundle.ui-testing";
		};
		F3FBE89422966FE400A64B13 /* TestRxQueue */ = {
			isa = PBXNativeTarget;
			buildConfigurationList = F3FBE89C22966FE400A64B13 /* Build configuration list for PBXNativeTarget "TestRxQueue" */;
			buildPhases = (
				F3FBE89122966FE400A64B13 /* Sources */,
				F3FBE89222966FE400A64B13 /* Frameworks */,
				F3FBE89322966FE400A64B13 /* Resources */,
			);
			buildRules = (
			);
			dependencies = (
				F3FBE89B22966FE400A64B13 /* PBXTargetDependency */,
			);
			name = TestRxQueue;
			productName = TestRxQueue;
			productReference = F3FBE89522966FE400A64B13 /* TestRxQueue.xctest */;
			productType = "com.apple.product-type.bundle.unit-test";
		};
/* End PBXNativeTarget section */

/* Begin PBXProject section */
		F3C400A02251128800131E74 /* Project object */ = {
			isa = PBXProject;
			attributes = {
				LastSwiftUpdateCheck = 1020;
				LastUpgradeCheck = 1020;
				ORGANIZATIONNAME = Bluedot;
				TargetAttributes = {
					F3C400A72251128900131E74 = {
						CreatedOnToolsVersion = 10.2;
					};
					F3C400BB2251128A00131E74 = {
						CreatedOnToolsVersion = 10.2;
						TestTargetID = F3C400A72251128900131E74;
					};
					F3C400C62251128A00131E74 = {
						CreatedOnToolsVersion = 10.2;
						TestTargetID = F3C400A72251128900131E74;
					};
					F3FBE89422966FE400A64B13 = {
						CreatedOnToolsVersion = 10.2.1;
						TestTargetID = F3C400A72251128900131E74;
					};
				};
			};
			buildConfigurationList = F3C400A32251128800131E74 /* Build configuration list for PBXProject "Photosophia6" */;
			compatibilityVersion = "Xcode 9.3";
			developmentRegion = en;
			hasScannedForEncodings = 0;
			knownRegions = (
				en,
				Base,
			);
			mainGroup = F3C4009F2251128800131E74;
			productRefGroup = F3C400A92251128900131E74 /* Products */;
			projectDirPath = "";
			projectRoot = "";
			targets = (
				F3C400A72251128900131E74 /* Photosophia6 */,
				F3C400BB2251128A00131E74 /* Photosophia6Tests */,
				F3C400C62251128A00131E74 /* Photosophia6UITests */,
				F3FBE89422966FE400A64B13 /* TestRxQueue */,
			);
		};
/* End PBXProject section */

/* Begin PBXResourcesBuildPhase section */
		F3C400A62251128900131E74 /* Resources */ = {
			isa = PBXResourcesBuildPhase;
			buildActionMask = 2147483647;
			files = (
				F3C400B62251128A00131E74 /* LaunchScreen.storyboard in Resources */,
				F3C400B32251128A00131E74 /* Assets.xcassets in Resources */,
				F3C400DA225112C800131E74 /* Podfile in Resources */,
				F3C400B12251128900131E74 /* Main.storyboard in Resources */,
			);
			runOnlyForDeploymentPostprocessing = 0;
		};
		F3C400BA2251128A00131E74 /* Resources */ = {
			isa = PBXResourcesBuildPhase;
			buildActionMask = 2147483647;
			files = (
			);
			runOnlyForDeploymentPostprocessing = 0;
		};
		F3C400C52251128A00131E74 /* Resources */ = {
			isa = PBXResourcesBuildPhase;
			buildActionMask = 2147483647;
			files = (
			);
			runOnlyForDeploymentPostprocessing = 0;
		};
		F3FBE89322966FE400A64B13 /* Resources */ = {
			isa = PBXResourcesBuildPhase;
			buildActionMask = 2147483647;
			files = (
			);
			runOnlyForDeploymentPostprocessing = 0;
		};
/* End PBXResourcesBuildPhase section */

/* Begin PBXShellScriptBuildPhase section */
		40DB56769E4A0FF2426512DB /* [CP] Check Pods Manifest.lock */ = {
			isa = PBXShellScriptBuildPhase;
			buildActionMask = 2147483647;
			files = (
			);
			inputPaths = (
				"${PODS_PODFILE_DIR_PATH}/Podfile.lock",
				"${PODS_ROOT}/Manifest.lock",
			);
			name = "[CP] Check Pods Manifest.lock";
			outputPaths = (
				"$(DERIVED_FILE_DIR)/Pods-Photosophia6-checkManifestLockResult.txt",
			);
			runOnlyForDeploymentPostprocessing = 0;
			shellPath = /bin/sh;
			shellScript = "diff \"${PODS_PODFILE_DIR_PATH}/Podfile.lock\" \"${PODS_ROOT}/Manifest.lock\" > /dev/null\nif [ $? != 0 ] ; then\n    # print error to STDERR\n    echo \"error: The sandbox is not in sync with the Podfile.lock. Run 'pod install' or update your CocoaPods installation.\" >&2\n    exit 1\nfi\n# This output is used by Xcode 'outputs' to avoid re-running this script phase.\necho \"SUCCESS\" > \"${SCRIPT_OUTPUT_FILE_0}\"\n";
			showEnvVarsInLog = 0;
		};
		7D36477A65D1603BF944F325 /* [CP] Embed Pods Frameworks */ = {
			isa = PBXShellScriptBuildPhase;
			buildActionMask = 2147483647;
			files = (
			);
			inputPaths = (
				"${SRCROOT}/Pods/Target Support Files/Pods-Photosophia6/Pods-Photosophia6-frameworks.sh",
				"${BUILT_PRODUCTS_DIR}/Alamofire/Alamofire.framework",
				"${BUILT_PRODUCTS_DIR}/Alamofire-SwiftyJSON/Alamofire_SwiftyJSON.framework",
				"${BUILT_PRODUCTS_DIR}/AlamofireImage/AlamofireImage.framework",
				"${BUILT_PRODUCTS_DIR}/FLAnimatedImage/FLAnimatedImage.framework",
				"${BUILT_PRODUCTS_DIR}/FlickrKit/FlickrKit.framework",
				"${BUILT_PRODUCTS_DIR}/Kingfisher/Kingfisher.framework",
				"${BUILT_PRODUCTS_DIR}/NYTPhotoViewer/NYTPhotoViewer.framework",
				"${BUILT_PRODUCTS_DIR}/Realm/Realm.framework",
				"${BUILT_PRODUCTS_DIR}/RealmSwift/RealmSwift.framework",
				"${BUILT_PRODUCTS_DIR}/RxAtomic/RxAtomic.framework",
				"${BUILT_PRODUCTS_DIR}/RxCocoa/RxCocoa.framework",
				"${BUILT_PRODUCTS_DIR}/RxKingfisher/RxKingfisher.framework",
				"${BUILT_PRODUCTS_DIR}/RxSwift/RxSwift.framework",
				"${BUILT_PRODUCTS_DIR}/SwiftyJSON/SwiftyJSON.framework",
				"${BUILT_PRODUCTS_DIR}/Whisper/Whisper.framework",
			);
			name = "[CP] Embed Pods Frameworks";
			outputPaths = (
				"${TARGET_BUILD_DIR}/${FRAMEWORKS_FOLDER_PATH}/Alamofire.framework",
				"${TARGET_BUILD_DIR}/${FRAMEWORKS_FOLDER_PATH}/Alamofire_SwiftyJSON.framework",
				"${TARGET_BUILD_DIR}/${FRAMEWORKS_FOLDER_PATH}/AlamofireImage.framework",
				"${TARGET_BUILD_DIR}/${FRAMEWORKS_FOLDER_PATH}/FLAnimatedImage.framework",
				"${TARGET_BUILD_DIR}/${FRAMEWORKS_FOLDER_PATH}/FlickrKit.framework",
				"${TARGET_BUILD_DIR}/${FRAMEWORKS_FOLDER_PATH}/Kingfisher.framework",
				"${TARGET_BUILD_DIR}/${FRAMEWORKS_FOLDER_PATH}/NYTPhotoViewer.framework",
				"${TARGET_BUILD_DIR}/${FRAMEWORKS_FOLDER_PATH}/Realm.framework",
				"${TARGET_BUILD_DIR}/${FRAMEWORKS_FOLDER_PATH}/RealmSwift.framework",
				"${TARGET_BUILD_DIR}/${FRAMEWORKS_FOLDER_PATH}/RxAtomic.framework",
				"${TARGET_BUILD_DIR}/${FRAMEWORKS_FOLDER_PATH}/RxCocoa.framework",
				"${TARGET_BUILD_DIR}/${FRAMEWORKS_FOLDER_PATH}/RxKingfisher.framework",
				"${TARGET_BUILD_DIR}/${FRAMEWORKS_FOLDER_PATH}/RxSwift.framework",
				"${TARGET_BUILD_DIR}/${FRAMEWORKS_FOLDER_PATH}/SwiftyJSON.framework",
				"${TARGET_BUILD_DIR}/${FRAMEWORKS_FOLDER_PATH}/Whisper.framework",
			);
			runOnlyForDeploymentPostprocessing = 0;
			shellPath = /bin/sh;
			shellScript = "\"${SRCROOT}/Pods/Target Support Files/Pods-Photosophia6/Pods-Photosophia6-frameworks.sh\"\n";
			showEnvVarsInLog = 0;
		};
		871A84F4DFB2063DC5F3BB59 /* [CP] Check Pods Manifest.lock */ = {
			isa = PBXShellScriptBuildPhase;
			buildActionMask = 2147483647;
			files = (
			);
			inputPaths = (
				"${PODS_PODFILE_DIR_PATH}/Podfile.lock",
				"${PODS_ROOT}/Manifest.lock",
			);
			name = "[CP] Check Pods Manifest.lock";
			outputPaths = (
				"$(DERIVED_FILE_DIR)/Pods-Photosophia6Tests-checkManifestLockResult.txt",
			);
			runOnlyForDeploymentPostprocessing = 0;
			shellPath = /bin/sh;
			shellScript = "diff \"${PODS_PODFILE_DIR_PATH}/Podfile.lock\" \"${PODS_ROOT}/Manifest.lock\" > /dev/null\nif [ $? != 0 ] ; then\n    # print error to STDERR\n    echo \"error: The sandbox is not in sync with the Podfile.lock. Run 'pod install' or update your CocoaPods installation.\" >&2\n    exit 1\nfi\n# This output is used by Xcode 'outputs' to avoid re-running this script phase.\necho \"SUCCESS\" > \"${SCRIPT_OUTPUT_FILE_0}\"\n";
			showEnvVarsInLog = 0;
		};
		CE76067515EFA70A52D3D819 /* [CP] Check Pods Manifest.lock */ = {
			isa = PBXShellScriptBuildPhase;
			buildActionMask = 2147483647;
			files = (
			);
			inputPaths = (
				"${PODS_PODFILE_DIR_PATH}/Podfile.lock",
				"${PODS_ROOT}/Manifest.lock",
			);
			name = "[CP] Check Pods Manifest.lock";
			outputPaths = (
				"$(DERIVED_FILE_DIR)/Pods-Photosophia6UITests-checkManifestLockResult.txt",
			);
			runOnlyForDeploymentPostprocessing = 0;
			shellPath = /bin/sh;
			shellScript = "diff \"${PODS_PODFILE_DIR_PATH}/Podfile.lock\" \"${PODS_ROOT}/Manifest.lock\" > /dev/null\nif [ $? != 0 ] ; then\n    # print error to STDERR\n    echo \"error: The sandbox is not in sync with the Podfile.lock. Run 'pod install' or update your CocoaPods installation.\" >&2\n    exit 1\nfi\n# This output is used by Xcode 'outputs' to avoid re-running this script phase.\necho \"SUCCESS\" > \"${SCRIPT_OUTPUT_FILE_0}\"\n";
			showEnvVarsInLog = 0;
		};
/* End PBXShellScriptBuildPhase section */

/* Begin PBXSourcesBuildPhase section */
		F3C400A42251128900131E74 /* Sources */ = {
			isa = PBXSourcesBuildPhase;
			buildActionMask = 2147483647;
			files = (
				F3C400E42251859400131E74 /* UIViewControllerUtils.swift in Sources */,
				F3777F31226E8B1E00F890FF /* FlickrLoginCell.swift in Sources */,
				F313178922542C6C00D4ECA5 /* ThumbnailCell.swift in Sources */,
				F3C400E82251B02100131E74 /* Group+Codable.swift in Sources */,
				F3FBE89022966C6400A64B13 /* FlickrTestData.swift in Sources */,
				F386DCDD226BD727008B5287 /* Logger.swift in Sources */,
				F3A648742271997F005B97CB /* DevTool.swift in Sources */,
				F313178D22545E7C00D4ECA5 /* LoginViewModel.swift in Sources */,
				F3FBE88E22966C4B00A64B13 /* Flickr+Protocol.swift in Sources */,
				F3C400AE2251128900131E74 /* ViewController.swift in Sources */,
				F39C7829226C31E2003D730A /* InterestingPhotosViewController+PhotoBrowser.swift in Sources */,
				F313178B22542DC500D4ECA5 /* ViewModelRxProtocol.swift in Sources */,
				F386DCE1226BDCA0008B5287 /* UIErrorHandling.swift in Sources */,
				F31317912254744700D4ECA5 /* Segue.swift in Sources */,
				F3C400AC2251128900131E74 /* AppDelegate.swift in Sources */,
				F313178122540B6E00D4ECA5 /* InterestingPhotosViewController.swift in Sources */,
				F313177F22540B4300D4ECA5 /* InterestingPhotosViewModel.swift in Sources */,
				F3C400DF2251157300131E74 /* Flickr.swift in Sources */,
				F3C400EA2252505C00131E74 /* Photo+Codable.swift in Sources */,
				F386DCDF226BD909008B5287 /* InterestingPhotosViewController+Auth.swift in Sources */,
				F3131794225489D700D4ECA5 /* Flickr+UserCases.swift in Sources */,
				F3C400E12251850E00131E74 /* AuthWebViewController.swift in Sources */,
				F31317872254229E00D4ECA5 /* Flickr+Auth.swift in Sources */,
				F31317852254124300D4ECA5 /* ViewProtocol.swift in Sources */,
				F3F792B92254DDF1003D56A5 /* PhotoSearchModel.swift in Sources */,
				F3C400DD225114EF00131E74 /* Constants.swift in Sources */,
			);
			runOnlyForDeploymentPostprocessing = 0;
		};
		F3C400B82251128A00131E74 /* Sources */ = {
			isa = PBXSourcesBuildPhase;
			buildActionMask = 2147483647;
			files = (
				F3C400C12251128A00131E74 /* Photosophia6Tests.swift in Sources */,
				F3FBE8A1229670D800A64B13 /* TestRxBehaviors.swift in Sources */,
			);
			runOnlyForDeploymentPostprocessing = 0;
		};
		F3C400C32251128A00131E74 /* Sources */ = {
			isa = PBXSourcesBuildPhase;
			buildActionMask = 2147483647;
			files = (
				F3C400CC2251128A00131E74 /* Photosophia6UITests.swift in Sources */,
			);
			runOnlyForDeploymentPostprocessing = 0;
		};
		F3FBE89122966FE400A64B13 /* Sources */ = {
			isa = PBXSourcesBuildPhase;
			buildActionMask = 2147483647;
			files = (
				F3FBE89822966FE400A64B13 /* TestRxQueue.swift in Sources */,
			);
			runOnlyForDeploymentPostprocessing = 0;
		};
/* End PBXSourcesBuildPhase section */

/* Begin PBXTargetDependency section */
		F3C400BE2251128A00131E74 /* PBXTargetDependency */ = {
			isa = PBXTargetDependency;
			target = F3C400A72251128900131E74 /* Photosophia6 */;
			targetProxy = F3C400BD2251128A00131E74 /* PBXContainerItemProxy */;
		};
		F3C400C92251128A00131E74 /* PBXTargetDependency */ = {
			isa = PBXTargetDependency;
			target = F3C400A72251128900131E74 /* Photosophia6 */;
			targetProxy = F3C400C82251128A00131E74 /* PBXContainerItemProxy */;
		};
		F3FBE89B22966FE400A64B13 /* PBXTargetDependency */ = {
			isa = PBXTargetDependency;
			target = F3C400A72251128900131E74 /* Photosophia6 */;
			targetProxy = F3FBE89A22966FE400A64B13 /* PBXContainerItemProxy */;
		};
/* End PBXTargetDependency section */

/* Begin PBXVariantGroup section */
		F3C400AF2251128900131E74 /* Main.storyboard */ = {
			isa = PBXVariantGroup;
			children = (
				F3C400B02251128900131E74 /* Base */,
			);
			name = Main.storyboard;
			sourceTree = "<group>";
		};
		F3C400B42251128A00131E74 /* LaunchScreen.storyboard */ = {
			isa = PBXVariantGroup;
			children = (
				F3C400B52251128A00131E74 /* Base */,
			);
			name = LaunchScreen.storyboard;
			sourceTree = "<group>";
		};
/* End PBXVariantGroup section */

/* Begin XCBuildConfiguration section */
		F3C400CE2251128A00131E74 /* Debug */ = {
			isa = XCBuildConfiguration;
			buildSettings = {
				ALWAYS_SEARCH_USER_PATHS = NO;
				CLANG_ANALYZER_NONNULL = YES;
				CLANG_ANALYZER_NUMBER_OBJECT_CONVERSION = YES_AGGRESSIVE;
				CLANG_CXX_LANGUAGE_STANDARD = "gnu++14";
				CLANG_CXX_LIBRARY = "libc++";
				CLANG_ENABLE_MODULES = YES;
				CLANG_ENABLE_OBJC_ARC = YES;
				CLANG_ENABLE_OBJC_WEAK = YES;
				CLANG_WARN_BLOCK_CAPTURE_AUTORELEASING = YES;
				CLANG_WARN_BOOL_CONVERSION = YES;
				CLANG_WARN_COMMA = YES;
				CLANG_WARN_CONSTANT_CONVERSION = YES;
				CLANG_WARN_DEPRECATED_OBJC_IMPLEMENTATIONS = YES;
				CLANG_WARN_DIRECT_OBJC_ISA_USAGE = YES_ERROR;
				CLANG_WARN_DOCUMENTATION_COMMENTS = YES;
				CLANG_WARN_EMPTY_BODY = YES;
				CLANG_WARN_ENUM_CONVERSION = YES;
				CLANG_WARN_INFINITE_RECURSION = YES;
				CLANG_WARN_INT_CONVERSION = YES;
				CLANG_WARN_NON_LITERAL_NULL_CONVERSION = YES;
				CLANG_WARN_OBJC_IMPLICIT_RETAIN_SELF = YES;
				CLANG_WARN_OBJC_LITERAL_CONVERSION = YES;
				CLANG_WARN_OBJC_ROOT_CLASS = YES_ERROR;
				CLANG_WARN_RANGE_LOOP_ANALYSIS = YES;
				CLANG_WARN_STRICT_PROTOTYPES = YES;
				CLANG_WARN_SUSPICIOUS_MOVE = YES;
				CLANG_WARN_UNGUARDED_AVAILABILITY = YES_AGGRESSIVE;
				CLANG_WARN_UNREACHABLE_CODE = YES;
				CLANG_WARN__DUPLICATE_METHOD_MATCH = YES;
				CODE_SIGN_IDENTITY = "iPhone Developer";
				COPY_PHASE_STRIP = NO;
				DEBUG_INFORMATION_FORMAT = dwarf;
				ENABLE_STRICT_OBJC_MSGSEND = YES;
				ENABLE_TESTABILITY = YES;
				GCC_C_LANGUAGE_STANDARD = gnu11;
				GCC_DYNAMIC_NO_PIC = NO;
				GCC_NO_COMMON_BLOCKS = YES;
				GCC_OPTIMIZATION_LEVEL = 0;
				GCC_PREPROCESSOR_DEFINITIONS = (
					"DEBUG=1",
					"$(inherited)",
				);
				GCC_WARN_64_TO_32_BIT_CONVERSION = YES;
				GCC_WARN_ABOUT_RETURN_TYPE = YES_ERROR;
				GCC_WARN_UNDECLARED_SELECTOR = YES;
				GCC_WARN_UNINITIALIZED_AUTOS = YES_AGGRESSIVE;
				GCC_WARN_UNUSED_FUNCTION = YES;
				GCC_WARN_UNUSED_VARIABLE = YES;
				IPHONEOS_DEPLOYMENT_TARGET = 12.2;
				MTL_ENABLE_DEBUG_INFO = INCLUDE_SOURCE;
				MTL_FAST_MATH = YES;
				ONLY_ACTIVE_ARCH = YES;
				SDKROOT = iphoneos;
				SWIFT_ACTIVE_COMPILATION_CONDITIONS = DEBUG;
				SWIFT_OPTIMIZATION_LEVEL = "-Onone";
			};
			name = Debug;
		};
		F3C400CF2251128A00131E74 /* Release */ = {
			isa = XCBuildConfiguration;
			buildSettings = {
				ALWAYS_SEARCH_USER_PATHS = NO;
				CLANG_ANALYZER_NONNULL = YES;
				CLANG_ANALYZER_NUMBER_OBJECT_CONVERSION = YES_AGGRESSIVE;
				CLANG_CXX_LANGUAGE_STANDARD = "gnu++14";
				CLANG_CXX_LIBRARY = "libc++";
				CLANG_ENABLE_MODULES = YES;
				CLANG_ENABLE_OBJC_ARC = YES;
				CLANG_ENABLE_OBJC_WEAK = YES;
				CLANG_WARN_BLOCK_CAPTURE_AUTORELEASING = YES;
				CLANG_WARN_BOOL_CONVERSION = YES;
				CLANG_WARN_COMMA = YES;
				CLANG_WARN_CONSTANT_CONVERSION = YES;
				CLANG_WARN_DEPRECATED_OBJC_IMPLEMENTATIONS = YES;
				CLANG_WARN_DIRECT_OBJC_ISA_USAGE = YES_ERROR;
				CLANG_WARN_DOCUMENTATION_COMMENTS = YES;
				CLANG_WARN_EMPTY_BODY = YES;
				CLANG_WARN_ENUM_CONVERSION = YES;
				CLANG_WARN_INFINITE_RECURSION = YES;
				CLANG_WARN_INT_CONVERSION = YES;
				CLANG_WARN_NON_LITERAL_NULL_CONVERSION = YES;
				CLANG_WARN_OBJC_IMPLICIT_RETAIN_SELF = YES;
				CLANG_WARN_OBJC_LITERAL_CONVERSION = YES;
				CLANG_WARN_OBJC_ROOT_CLASS = YES_ERROR;
				CLANG_WARN_RANGE_LOOP_ANALYSIS = YES;
				CLANG_WARN_STRICT_PROTOTYPES = YES;
				CLANG_WARN_SUSPICIOUS_MOVE = YES;
				CLANG_WARN_UNGUARDED_AVAILABILITY = YES_AGGRESSIVE;
				CLANG_WARN_UNREACHABLE_CODE = YES;
				CLANG_WARN__DUPLICATE_METHOD_MATCH = YES;
				CODE_SIGN_IDENTITY = "iPhone Developer";
				COPY_PHASE_STRIP = NO;
				DEBUG_INFORMATION_FORMAT = "dwarf-with-dsym";
				ENABLE_NS_ASSERTIONS = NO;
				ENABLE_STRICT_OBJC_MSGSEND = YES;
				GCC_C_LANGUAGE_STANDARD = gnu11;
				GCC_NO_COMMON_BLOCKS = YES;
				GCC_WARN_64_TO_32_BIT_CONVERSION = YES;
				GCC_WARN_ABOUT_RETURN_TYPE = YES_ERROR;
				GCC_WARN_UNDECLARED_SELECTOR = YES;
				GCC_WARN_UNINITIALIZED_AUTOS = YES_AGGRESSIVE;
				GCC_WARN_UNUSED_FUNCTION = YES;
				GCC_WARN_UNUSED_VARIABLE = YES;
				IPHONEOS_DEPLOYMENT_TARGET = 12.2;
				MTL_ENABLE_DEBUG_INFO = NO;
				MTL_FAST_MATH = YES;
				SDKROOT = iphoneos;
				SWIFT_COMPILATION_MODE = wholemodule;
				SWIFT_OPTIMIZATION_LEVEL = "-O";
				VALIDATE_PRODUCT = YES;
			};
			name = Release;
		};
		F3C400D12251128A00131E74 /* Debug */ = {
			isa = XCBuildConfiguration;
			baseConfigurationReference = 1EE67629101F39E37435F40E /* Pods-Photosophia6.debug.xcconfig */;
			buildSettings = {
				ASSETCATALOG_COMPILER_APPICON_NAME = AppIcon;
				CODE_SIGN_STYLE = Automatic;
				DEVELOPMENT_TEAM = M4AJR3AUMW;
				INFOPLIST_FILE = Photosophia6/Info.plist;
				LD_RUNPATH_SEARCH_PATHS = (
					"$(inherited)",
					"@executable_path/Frameworks",
				);
				PRODUCT_BUNDLE_IDENTIFIER = th.co.bluedot.Photosophia6;
				PRODUCT_NAME = "$(TARGET_NAME)";
				SWIFT_VERSION = 5.0;
				TARGETED_DEVICE_FAMILY = "1,2";
			};
			name = Debug;
		};
		F3C400D22251128A00131E74 /* Release */ = {
			isa = XCBuildConfiguration;
			baseConfigurationReference = 6B4278B6FCE35270316904E4 /* Pods-Photosophia6.release.xcconfig */;
			buildSettings = {
				ASSETCATALOG_COMPILER_APPICON_NAME = AppIcon;
				CODE_SIGN_STYLE = Automatic;
				DEVELOPMENT_TEAM = M4AJR3AUMW;
				INFOPLIST_FILE = Photosophia6/Info.plist;
				LD_RUNPATH_SEARCH_PATHS = (
					"$(inherited)",
					"@executable_path/Frameworks",
				);
				PRODUCT_BUNDLE_IDENTIFIER = th.co.bluedot.Photosophia6;
				PRODUCT_NAME = "$(TARGET_NAME)";
				SWIFT_VERSION = 5.0;
				TARGETED_DEVICE_FAMILY = "1,2";
			};
			name = Release;
		};
		F3C400D42251128A00131E74 /* Debug */ = {
			isa = XCBuildConfiguration;
			baseConfigurationReference = 60E3E3C8E8505A1E521382FD /* Pods-Photosophia6Tests.debug.xcconfig */;
			buildSettings = {
				ALWAYS_EMBED_SWIFT_STANDARD_LIBRARIES = YES;
				BUNDLE_LOADER = "$(TEST_HOST)";
				CODE_SIGN_STYLE = Automatic;
				DEVELOPMENT_TEAM = M4AJR3AUMW;
				INFOPLIST_FILE = Photosophia6Tests/Info.plist;
				LD_RUNPATH_SEARCH_PATHS = (
					"$(inherited)",
					"@executable_path/Frameworks",
					"@loader_path/Frameworks",
				);
				PRODUCT_BUNDLE_IDENTIFIER = th.co.bluedot.Photosophia6Tests;
				PRODUCT_NAME = "$(TARGET_NAME)";
				SWIFT_VERSION = 5.0;
				TARGETED_DEVICE_FAMILY = "1,2";
				TEST_HOST = "$(BUILT_PRODUCTS_DIR)/Photosophia6.app/Photosophia6";
			};
			name = Debug;
		};
		F3C400D52251128A00131E74 /* Release */ = {
			isa = XCBuildConfiguration;
			baseConfigurationReference = 0443B67BA5E679E311182530 /* Pods-Photosophia6Tests.release.xcconfig */;
			buildSettings = {
				ALWAYS_EMBED_SWIFT_STANDARD_LIBRARIES = YES;
				BUNDLE_LOADER = "$(TEST_HOST)";
				CODE_SIGN_STYLE = Automatic;
				DEVELOPMENT_TEAM = M4AJR3AUMW;
				INFOPLIST_FILE = Photosophia6Tests/Info.plist;
				LD_RUNPATH_SEARCH_PATHS = (
					"$(inherited)",
					"@executable_path/Frameworks",
					"@loader_path/Frameworks",
				);
				PRODUCT_BUNDLE_IDENTIFIER = th.co.bluedot.Photosophia6Tests;
				PRODUCT_NAME = "$(TARGET_NAME)";
				SWIFT_VERSION = 5.0;
				TARGETED_DEVICE_FAMILY = "1,2";
				TEST_HOST = "$(BUILT_PRODUCTS_DIR)/Photosophia6.app/Photosophia6";
			};
			name = Release;
		};
		F3C400D72251128A00131E74 /* Debug */ = {
			isa = XCBuildConfiguration;
			baseConfigurationReference = D248F43DBCA8B52B60904A97 /* Pods-Photosophia6UITests.debug.xcconfig */;
			buildSettings = {
				ALWAYS_EMBED_SWIFT_STANDARD_LIBRARIES = YES;
				CODE_SIGN_STYLE = Automatic;
				DEVELOPMENT_TEAM = M4AJR3AUMW;
				INFOPLIST_FILE = Photosophia6UITests/Info.plist;
				LD_RUNPATH_SEARCH_PATHS = (
					"$(inherited)",
					"@executable_path/Frameworks",
					"@loader_path/Frameworks",
				);
				PRODUCT_BUNDLE_IDENTIFIER = th.co.bluedot.Photosophia6UITests;
				PRODUCT_NAME = "$(TARGET_NAME)";
				SWIFT_VERSION = 5.0;
				TARGETED_DEVICE_FAMILY = "1,2";
				TEST_TARGET_NAME = Photosophia6;
			};
			name = Debug;
		};
		F3C400D82251128A00131E74 /* Release */ = {
			isa = XCBuildConfiguration;
			baseConfigurationReference = B952DD5B74B694CCD553EFE8 /* Pods-Photosophia6UITests.release.xcconfig */;
			buildSettings = {
				ALWAYS_EMBED_SWIFT_STANDARD_LIBRARIES = YES;
				CODE_SIGN_STYLE = Automatic;
				DEVELOPMENT_TEAM = M4AJR3AUMW;
				INFOPLIST_FILE = Photosophia6UITests/Info.plist;
				LD_RUNPATH_SEARCH_PATHS = (
					"$(inherited)",
					"@executable_path/Frameworks",
					"@loader_path/Frameworks",
				);
				PRODUCT_BUNDLE_IDENTIFIER = th.co.bluedot.Photosophia6UITests;
				PRODUCT_NAME = "$(TARGET_NAME)";
				SWIFT_VERSION = 5.0;
				TARGETED_DEVICE_FAMILY = "1,2";
				TEST_TARGET_NAME = Photosophia6;
			};
			name = Release;
		};
		F3FBE8882296661D00A64B13 /* TestData */ = {
			isa = XCBuildConfiguration;
			buildSettings = {
				ALWAYS_SEARCH_USER_PATHS = NO;
				CLANG_ANALYZER_NONNULL = YES;
				CLANG_ANALYZER_NUMBER_OBJECT_CONVERSION = YES_AGGRESSIVE;
				CLANG_CXX_LANGUAGE_STANDARD = "gnu++14";
				CLANG_CXX_LIBRARY = "libc++";
				CLANG_ENABLE_MODULES = YES;
				CLANG_ENABLE_OBJC_ARC = YES;
				CLANG_ENABLE_OBJC_WEAK = YES;
				CLANG_WARN_BLOCK_CAPTURE_AUTORELEASING = YES;
				CLANG_WARN_BOOL_CONVERSION = YES;
				CLANG_WARN_COMMA = YES;
				CLANG_WARN_CONSTANT_CONVERSION = YES;
				CLANG_WARN_DEPRECATED_OBJC_IMPLEMENTATIONS = YES;
				CLANG_WARN_DIRECT_OBJC_ISA_USAGE = YES_ERROR;
				CLANG_WARN_DOCUMENTATION_COMMENTS = YES;
				CLANG_WARN_EMPTY_BODY = YES;
				CLANG_WARN_ENUM_CONVERSION = YES;
				CLANG_WARN_INFINITE_RECURSION = YES;
				CLANG_WARN_INT_CONVERSION = YES;
				CLANG_WARN_NON_LITERAL_NULL_CONVERSION = YES;
				CLANG_WARN_OBJC_IMPLICIT_RETAIN_SELF = YES;
				CLANG_WARN_OBJC_LITERAL_CONVERSION = YES;
				CLANG_WARN_OBJC_ROOT_CLASS = YES_ERROR;
				CLANG_WARN_RANGE_LOOP_ANALYSIS = YES;
				CLANG_WARN_STRICT_PROTOTYPES = YES;
				CLANG_WARN_SUSPICIOUS_MOVE = YES;
				CLANG_WARN_UNGUARDED_AVAILABILITY = YES_AGGRESSIVE;
				CLANG_WARN_UNREACHABLE_CODE = YES;
				CLANG_WARN__DUPLICATE_METHOD_MATCH = YES;
				CODE_SIGN_IDENTITY = "iPhone Developer";
				COPY_PHASE_STRIP = NO;
				DEBUG_INFORMATION_FORMAT = dwarf;
				ENABLE_STRICT_OBJC_MSGSEND = YES;
				ENABLE_TESTABILITY = YES;
				GCC_C_LANGUAGE_STANDARD = gnu11;
				GCC_DYNAMIC_NO_PIC = NO;
				GCC_NO_COMMON_BLOCKS = YES;
				GCC_OPTIMIZATION_LEVEL = 0;
				GCC_PREPROCESSOR_DEFINITIONS = (
					"DEBUG=1",
					"$(inherited)",
				);
				GCC_WARN_64_TO_32_BIT_CONVERSION = YES;
				GCC_WARN_ABOUT_RETURN_TYPE = YES_ERROR;
				GCC_WARN_UNDECLARED_SELECTOR = YES;
				GCC_WARN_UNINITIALIZED_AUTOS = YES_AGGRESSIVE;
				GCC_WARN_UNUSED_FUNCTION = YES;
				GCC_WARN_UNUSED_VARIABLE = YES;
				IPHONEOS_DEPLOYMENT_TARGET = 12.2;
				MTL_ENABLE_DEBUG_INFO = INCLUDE_SOURCE;
				MTL_FAST_MATH = YES;
				ONLY_ACTIVE_ARCH = YES;
				SDKROOT = iphoneos;
				SWIFT_ACTIVE_COMPILATION_CONDITIONS = DEBUG;
				SWIFT_OPTIMIZATION_LEVEL = "-Onone";
			};
			name = TestData;
		};
		F3FBE8892296661D00A64B13 /* TestData */ = {
			isa = XCBuildConfiguration;
			baseConfigurationReference = F296D8CCD5A081315BB42793 /* Pods-Photosophia6.testdata.xcconfig */;
			buildSettings = {
				ASSETCATALOG_COMPILER_APPICON_NAME = AppIcon;
				CODE_SIGN_STYLE = Automatic;
				DEVELOPMENT_TEAM = M4AJR3AUMW;
				GCC_PREPROCESSOR_DEFINITIONS = (
					"$(inherited)",
					"COCOAPODS=1",
					"TEST_DATA=1",
				);
				INFOPLIST_FILE = Photosophia6/Info.plist;
				LD_RUNPATH_SEARCH_PATHS = (
					"$(inherited)",
					"@executable_path/Frameworks",
				);
				PRODUCT_BUNDLE_IDENTIFIER = th.co.bluedot.Photosophia6;
				PRODUCT_NAME = "$(TARGET_NAME)";
				SWIFT_VERSION = 5.0;
				TARGETED_DEVICE_FAMILY = "1,2";
			};
			name = TestData;
		};
		F3FBE88A2296661D00A64B13 /* TestData */ = {
			isa = XCBuildConfiguration;
			baseConfigurationReference = 412B0A30FBE7AD4307663F37 /* Pods-Photosophia6Tests.testdata.xcconfig */;
			buildSettings = {
				ALWAYS_EMBED_SWIFT_STANDARD_LIBRARIES = YES;
				BUNDLE_LOADER = "$(TEST_HOST)";
				CODE_SIGN_STYLE = Automatic;
				DEVELOPMENT_TEAM = M4AJR3AUMW;
				INFOPLIST_FILE = Photosophia6Tests/Info.plist;
				LD_RUNPATH_SEARCH_PATHS = (
					"$(inherited)",
					"@executable_path/Frameworks",
					"@loader_path/Frameworks",
				);
				PRODUCT_BUNDLE_IDENTIFIER = th.co.bluedot.Photosophia6Tests;
				PRODUCT_NAME = "$(TARGET_NAME)";
				SWIFT_VERSION = 5.0;
				TARGETED_DEVICE_FAMILY = "1,2";
				TEST_HOST = "$(BUILT_PRODUCTS_DIR)/Photosophia6.app/Photosophia6";
			};
			name = TestData;
		};
		F3FBE88B2296661D00A64B13 /* TestData */ = {
			isa = XCBuildConfiguration;
			baseConfigurationReference = B66CA72C8CE14F510FC98AA5 /* Pods-Photosophia6UITests.testdata.xcconfig */;
			buildSettings = {
				ALWAYS_EMBED_SWIFT_STANDARD_LIBRARIES = YES;
				CODE_SIGN_STYLE = Automatic;
				DEVELOPMENT_TEAM = M4AJR3AUMW;
				INFOPLIST_FILE = Photosophia6UITests/Info.plist;
				LD_RUNPATH_SEARCH_PATHS = (
					"$(inherited)",
					"@executable_path/Frameworks",
					"@loader_path/Frameworks",
				);
				PRODUCT_BUNDLE_IDENTIFIER = th.co.bluedot.Photosophia6UITests;
				PRODUCT_NAME = "$(TARGET_NAME)";
				SWIFT_VERSION = 5.0;
				TARGETED_DEVICE_FAMILY = "1,2";
				TEST_TARGET_NAME = Photosophia6;
			};
			name = TestData;
		};
		F3FBE89D22966FE400A64B13 /* Debug */ = {
			isa = XCBuildConfiguration;
			buildSettings = {
				BUNDLE_LOADER = "$(TEST_HOST)";
				CODE_SIGN_STYLE = Automatic;
				DEVELOPMENT_TEAM = M4AJR3AUMW;
				INFOPLIST_FILE = TestRxQueue/Info.plist;
				LD_RUNPATH_SEARCH_PATHS = (
					"$(inherited)",
					"@executable_path/Frameworks",
					"@loader_path/Frameworks",
				);
				PRODUCT_BUNDLE_IDENTIFIER = th.co.bluedot.TestRxQueue;
				PRODUCT_NAME = "$(TARGET_NAME)";
				SWIFT_VERSION = 5.0;
				TARGETED_DEVICE_FAMILY = "1,2";
				TEST_HOST = "$(BUILT_PRODUCTS_DIR)/Photosophia6.app/Photosophia6";
			};
			name = Debug;
		};
		F3FBE89E22966FE400A64B13 /* TestData */ = {
			isa = XCBuildConfiguration;
			buildSettings = {
				BUNDLE_LOADER = "$(TEST_HOST)";
				CODE_SIGN_STYLE = Automatic;
				DEVELOPMENT_TEAM = M4AJR3AUMW;
				INFOPLIST_FILE = TestRxQueue/Info.plist;
				LD_RUNPATH_SEARCH_PATHS = (
					"$(inherited)",
					"@executable_path/Frameworks",
					"@loader_path/Frameworks",
				);
				PRODUCT_BUNDLE_IDENTIFIER = th.co.bluedot.TestRxQueue;
				PRODUCT_NAME = "$(TARGET_NAME)";
				SWIFT_VERSION = 5.0;
				TARGETED_DEVICE_FAMILY = "1,2";
				TEST_HOST = "$(BUILT_PRODUCTS_DIR)/Photosophia6.app/Photosophia6";
			};
			name = TestData;
		};
		F3FBE89F22966FE400A64B13 /* Release */ = {
			isa = XCBuildConfiguration;
			buildSettings = {
				BUNDLE_LOADER = "$(TEST_HOST)";
				CODE_SIGN_STYLE = Automatic;
				DEVELOPMENT_TEAM = M4AJR3AUMW;
				INFOPLIST_FILE = TestRxQueue/Info.plist;
				LD_RUNPATH_SEARCH_PATHS = (
					"$(inherited)",
					"@executable_path/Frameworks",
					"@loader_path/Frameworks",
				);
				PRODUCT_BUNDLE_IDENTIFIER = th.co.bluedot.TestRxQueue;
				PRODUCT_NAME = "$(TARGET_NAME)";
				SWIFT_VERSION = 5.0;
				TARGETED_DEVICE_FAMILY = "1,2";
				TEST_HOST = "$(BUILT_PRODUCTS_DIR)/Photosophia6.app/Photosophia6";
			};
			name = Release;
		};
/* End XCBuildConfiguration section */

/* Begin XCConfigurationList section */
		F3C400A32251128800131E74 /* Build configuration list for PBXProject "Photosophia6" */ = {
			isa = XCConfigurationList;
			buildConfigurations = (
				F3C400CE2251128A00131E74 /* Debug */,
				F3FBE8882296661D00A64B13 /* TestData */,
				F3C400CF2251128A00131E74 /* Release */,
			);
			defaultConfigurationIsVisible = 0;
			defaultConfigurationName = Release;
		};
		F3C400D02251128A00131E74 /* Build configuration list for PBXNativeTarget "Photosophia6" */ = {
			isa = XCConfigurationList;
			buildConfigurations = (
				F3C400D12251128A00131E74 /* Debug */,
				F3FBE8892296661D00A64B13 /* TestData */,
				F3C400D22251128A00131E74 /* Release */,
			);
			defaultConfigurationIsVisible = 0;
			defaultConfigurationName = Release;
		};
		F3C400D32251128A00131E74 /* Build configuration list for PBXNativeTarget "Photosophia6Tests" */ = {
			isa = XCConfigurationList;
			buildConfigurations = (
				F3C400D42251128A00131E74 /* Debug */,
				F3FBE88A2296661D00A64B13 /* TestData */,
				F3C400D52251128A00131E74 /* Release */,
			);
			defaultConfigurationIsVisible = 0;
			defaultConfigurationName = Release;
		};
		F3C400D62251128A00131E74 /* Build configuration list for PBXNativeTarget "Photosophia6UITests" */ = {
			isa = XCConfigurationList;
			buildConfigurations = (
				F3C400D72251128A00131E74 /* Debug */,
				F3FBE88B2296661D00A64B13 /* TestData */,
				F3C400D82251128A00131E74 /* Release */,
			);
			defaultConfigurationIsVisible = 0;
			defaultConfigurationName = Release;
		};
		F3FBE89C22966FE400A64B13 /* Build configuration list for PBXNativeTarget "TestRxQueue" */ = {
			isa = XCConfigurationList;
			buildConfigurations = (
				F3FBE89D22966FE400A64B13 /* Debug */,
				F3FBE89E22966FE400A64B13 /* TestData */,
				F3FBE89F22966FE400A64B13 /* Release */,
			);
			defaultConfigurationIsVisible = 0;
			defaultConfigurationName = Release;
		};
/* End XCConfigurationList section */
	};
	rootObject = F3C400A02251128800131E74 /* Project object */;
}
