// !$*UTF8*$!
{
	archiveVersion = 1;
	classes = {
	};
	objectVersion = 50;
	objects = {

/* Begin PBXBuildFile section */
		F3C400AC2251128900131E74 /* AppDelegate.swift in Sources */ = {isa = PBXBuildFile; fileRef = F3C400AB2251128900131E74 /* AppDelegate.swift */; };
		F3C400AE2251128900131E74 /* ViewController.swift in Sources */ = {isa = PBXBuildFile; fileRef = F3C400AD2251128900131E74 /* ViewController.swift */; };
		F3C400B12251128900131E74 /* Main.storyboard in Resources */ = {isa = PBXBuildFile; fileRef = F3C400AF2251128900131E74 /* Main.storyboard */; };
		F3C400B32251128A00131E74 /* Assets.xcassets in Resources */ = {isa = PBXBuildFile; fileRef = F3C400B22251128A00131E74 /* Assets.xcassets */; };
		F3C400B62251128A00131E74 /* LaunchScreen.storyboard in Resources */ = {isa = PBXBuildFile; fileRef = F3C400B42251128A00131E74 /* LaunchScreen.storyboard */; };
		F3C400C12251128A00131E74 /* Photosophia6Tests.swift in Sources */ = {isa = PBXBuildFile; fileRef = F3C400C02251128A00131E74 /* Photosophia6Tests.swift */; };
		F3C400CC2251128A00131E74 /* Photosophia6UITests.swift in Sources */ = {isa = PBXBuildFile; fileRef = F3C400CB2251128A00131E74 /* Photosophia6UITests.swift */; };
/* End PBXBuildFile section */

/* Begin PBXContainerItemProxy section */
		F3C400BD2251128A00131E74 /* PBXContainerItemProxy */ = {
			isa = PBXContainerItemProxy;
			containerPortal = F3C400A02251128800131E74 /* Project object */;
			proxyType = 1;
			remoteGlobalIDString = F3C400A72251128900131E74;
			remoteInfo = Photosophia6;
		};
		F3C400C82251128A00131E74 /* PBXContainerItemProxy */ = {
			isa = PBXContainerItemProxy;
			containerPortal = F3C400A02251128800131E74 /* Project object */;
			proxyType = 1;
			remoteGlobalIDString = F3C400A72251128900131E74;
			remoteInfo = Photosophia6;
		};
/* End PBXContainerItemProxy section */

/* Begin PBXFileReference section */
		F3C400A82251128900131E74 /* Photosophia6.app */ = {isa = PBXFileReference; explicitFileType = wrapper.application; includeInIndex = 0; path = Photosophia6.app; sourceTree = BUILT_PRODUCTS_DIR; };
		F3C400AB2251128900131E74 /* AppDelegate.swift */ = {isa = PBXFileReference; lastKnownFileType = sourcecode.swift; path = AppDelegate.swift; sourceTree = "<group>"; };
		F3C400AD2251128900131E74 /* ViewController.swift */ = {isa = PBXFileReference; lastKnownFileType = sourcecode.swift; path = ViewController.swift; sourceTree = "<group>"; };
		F3C400B02251128900131E74 /* Base */ = {isa = PBXFileReference; lastKnownFileType = file.storyboard; name = Base; path = Base.lproj/Main.storyboard; sourceTree = "<group>"; };
		F3C400B22251128A00131E74 /* Assets.xcassets */ = {isa = PBXFileReference; lastKnownFileType = folder.assetcatalog; path = Assets.xcassets; sourceTree = "<group>"; };
		F3C400B52251128A00131E74 /* Base */ = {isa = PBXFileReference; lastKnownFileType = file.storyboard; name = Base; path = Base.lproj/LaunchScreen.storyboard; sourceTree = "<group>"; };
		F3C400B72251128A00131E74 /* Info.plist */ = {isa = PBXFileReference; lastKnownFileType = text.plist.xml; path = Info.plist; sourceTree = "<group>"; };
		F3C400BC2251128A00131E74 /* Photosophia6Tests.xctest */ = {isa = PBXFileReference; explicitFileType = wrapper.cfbundle; includeInIndex = 0; path = Photosophia6Tests.xctest; sourceTree = BUILT_PRODUCTS_DIR; };
		F3C400C02251128A00131E74 /* Photosophia6Tests.swift */ = {isa = PBXFileReference; lastKnownFileType = sourcecode.swift; path = Photosophia6Tests.swift; sourceTree = "<group>"; };
		F3C400C22251128A00131E74 /* Info.plist */ = {isa = PBXFileReference; lastKnownFileType = text.plist.xml; path = Info.plist; sourceTree = "<group>"; };
		F3C400C72251128A00131E74 /* Photosophia6UITests.xctest */ = {isa = PBXFileReference; explicitFileType = wrapper.cfbundle; includeInIndex = 0; path = Photosophia6UITests.xctest; sourceTree = BUILT_PRODUCTS_DIR; };
		F3C400CB2251128A00131E74 /* Photosophia6UITests.swift */ = {isa = PBXFileReference; lastKnownFileType = sourcecode.swift; path = Photosophia6UITests.swift; sourceTree = "<group>"; };
		F3C400CD2251128A00131E74 /* Info.plist */ = {isa = PBXFileReference; lastKnownFileType = text.plist.xml; path = Info.plist; sourceTree = "<group>"; };
/* End PBXFileReference section */

/* Begin PBXFrameworksBuildPhase section */
		F3C400A52251128900131E74 /* Frameworks */ = {
			isa = PBXFrameworksBuildPhase;
			buildActionMask = 2147483647;
			files = (
			);
			runOnlyForDeploymentPostprocessing = 0;
		};
		F3C400B92251128A00131E74 /* Frameworks */ = {
			isa = PBXFrameworksBuildPhase;
			buildActionMask = 2147483647;
			files = (
			);
			runOnlyForDeploymentPostprocessing = 0;
		};
		F3C400C42251128A00131E74 /* Frameworks */ = {
			isa = PBXFrameworksBuildPhase;
			buildActionMask = 2147483647;
			files = (
			);
			runOnlyForDeploymentPostprocessing = 0;
		};
/* End PBXFrameworksBuildPhase section */

/* Begin PBXGroup section */
		F3C4009F2251128800131E74 = {
			isa = PBXGroup;
			children = (
				F3C400AA2251128900131E74 /* Photosophia6 */,
				F3C400BF2251128A00131E74 /* Photosophia6Tests */,
				F3C400CA2251128A00131E74 /* Photosophia6UITests */,
				F3C400A92251128900131E74 /* Products */,
			);
			sourceTree = "<group>";
		};
		F3C400A92251128900131E74 /* Products */ = {
			isa = PBXGroup;
			children = (
				F3C400A82251128900131E74 /* Photosophia6.app */,
				F3C400BC2251128A00131E74 /* Photosophia6Tests.xctest */,
				F3C400C72251128A00131E74 /* Photosophia6UITests.xctest */,
			);
			name = Products;
			sourceTree = "<group>";
		};
		F3C400AA2251128900131E74 /* Photosophia6 */ = {
			isa = PBXGroup;
			children = (
				F3C400AB2251128900131E74 /* AppDelegate.swift */,
				F3C400AD2251128900131E74 /* ViewController.swift */,
				F3C400AF2251128900131E74 /* Main.storyboard */,
				F3C400B22251128A00131E74 /* Assets.xcassets */,
				F3C400B42251128A00131E74 /* LaunchScreen.storyboard */,
				F3C400B72251128A00131E74 /* Info.plist */,
			);
			path = Photosophia6;
			sourceTree = "<group>";
		};
		F3C400BF2251128A00131E74 /* Photosophia6Tests */ = {
			isa = PBXGroup;
			children = (
				F3C400C02251128A00131E74 /* Photosophia6Tests.swift */,
				F3C400C22251128A00131E74 /* Info.plist */,
			);
			path = Photosophia6Tests;
			sourceTree = "<group>";
		};
		F3C400CA2251128A00131E74 /* Photosophia6UITests */ = {
			isa = PBXGroup;
			children = (
				F3C400CB2251128A00131E74 /* Photosophia6UITests.swift */,
				F3C400CD2251128A00131E74 /* Info.plist */,
			);
			path = Photosophia6UITests;
			sourceTree = "<group>";
		};
/* End PBXGroup section */

/* Begin PBXNativeTarget section */
		F3C400A72251128900131E74 /* Photosophia6 */ = {
			isa = PBXNativeTarget;
			buildConfigurationList = F3C400D02251128A00131E74 /* Build configuration list for PBXNativeTarget "Photosophia6" */;
			buildPhases = (
				F3C400A42251128900131E74 /* Sources */,
				F3C400A52251128900131E74 /* Frameworks */,
				F3C400A62251128900131E74 /* Resources */,
			);
			buildRules = (
			);
			dependencies = (
			);
			name = Photosophia6;
			productName = Photosophia6;
			productReference = F3C400A82251128900131E74 /* Photosophia6.app */;
			productType = "com.apple.product-type.application";
		};
		F3C400BB2251128A00131E74 /* Photosophia6Tests */ = {
			isa = PBXNativeTarget;
			buildConfigurationList = F3C400D32251128A00131E74 /* Build configuration list for PBXNativeTarget "Photosophia6Tests" */;
			buildPhases = (
				F3C400B82251128A00131E74 /* Sources */,
				F3C400B92251128A00131E74 /* Frameworks */,
				F3C400BA2251128A00131E74 /* Resources */,
			);
			buildRules = (
			);
			dependencies = (
				F3C400BE2251128A00131E74 /* PBXTargetDependency */,
			);
			name = Photosophia6Tests;
			productName = Photosophia6Tests;
			productReference = F3C400BC2251128A00131E74 /* Photosophia6Tests.xctest */;
			productType = "com.apple.product-type.bundle.unit-test";
		};
		F3C400C62251128A00131E74 /* Photosophia6UITests */ = {
			isa = PBXNativeTarget;
			buildConfigurationList = F3C400D62251128A00131E74 /* Build configuration list for PBXNativeTarget "Photosophia6UITests" */;
			buildPhases = (
				F3C400C32251128A00131E74 /* Sources */,
				F3C400C42251128A00131E74 /* Frameworks */,
				F3C400C52251128A00131E74 /* Resources */,
			);
			buildRules = (
			);
			dependencies = (
				F3C400C92251128A00131E74 /* PBXTargetDependency */,
			);
			name = Photosophia6UITests;
			productName = Photosophia6UITests;
			productReference = F3C400C72251128A00131E74 /* Photosophia6UITests.xctest */;
			productType = "com.apple.product-type.bundle.ui-testing";
		};
/* End PBXNativeTarget section */

/* Begin PBXProject section */
		F3C400A02251128800131E74 /* Project object */ = {
			isa = PBXProject;
			attributes = {
				LastSwiftUpdateCheck = 1020;
				LastUpgradeCheck = 1020;
				ORGANIZATIONNAME = Bluedot;
				TargetAttributes = {
					F3C400A72251128900131E74 = {
						CreatedOnToolsVersion = 10.2;
					};
					F3C400BB2251128A00131E74 = {
						CreatedOnToolsVersion = 10.2;
						TestTargetID = F3C400A72251128900131E74;
					};
					F3C400C62251128A00131E74 = {
						CreatedOnToolsVersion = 10.2;
						TestTargetID = F3C400A72251128900131E74;
					};
				};
			};
			buildConfigurationList = F3C400A32251128800131E74 /* Build configuration list for PBXProject "Photosophia6" */;
			compatibilityVersion = "Xcode 9.3";
			developmentRegion = en;
			hasScannedForEncodings = 0;
			knownRegions = (
				en,
				Base,
			);
			mainGroup = F3C4009F2251128800131E74;
			productRefGroup = F3C400A92251128900131E74 /* Products */;
			projectDirPath = "";
			projectRoot = "";
			targets = (
				F3C400A72251128900131E74 /* Photosophia6 */,
				F3C400BB2251128A00131E74 /* Photosophia6Tests */,
				F3C400C62251128A00131E74 /* Photosophia6UITests */,
			);
		};
/* End PBXProject section */

/* Begin PBXResourcesBuildPhase section */
		F3C400A62251128900131E74 /* Resources */ = {
			isa = PBXResourcesBuildPhase;
			buildActionMask = 2147483647;
			files = (
				F3C400B62251128A00131E74 /* LaunchScreen.storyboard in Resources */,
				F3C400B32251128A00131E74 /* Assets.xcassets in Resources */,
				F3C400B12251128900131E74 /* Main.storyboard in Resources */,
			);
			runOnlyForDeploymentPostprocessing = 0;
		};
		F3C400BA2251128A00131E74 /* Resources */ = {
			isa = PBXResourcesBuildPhase;
			buildActionMask = 2147483647;
			files = (
			);
			runOnlyForDeploymentPostprocessing = 0;
		};
		F3C400C52251128A00131E74 /* Resources */ = {
			isa = PBXResourcesBuildPhase;
			buildActionMask = 2147483647;
			files = (
			);
			runOnlyForDeploymentPostprocessing = 0;
		};
/* End PBXResourcesBuildPhase section */

/* Begin PBXSourcesBuildPhase section */
		F3C400A42251128900131E74 /* Sources */ = {
			isa = PBXSourcesBuildPhase;
			buildActionMask = 2147483647;
			files = (
				F3C400AE2251128900131E74 /* ViewController.swift in Sources */,
				F3C400AC2251128900131E74 /* AppDelegate.swift in Sources */,
			);
			runOnlyForDeploymentPostprocessing = 0;
		};
		F3C400B82251128A00131E74 /* Sources */ = {
			isa = PBXSourcesBuildPhase;
			buildActionMask = 2147483647;
			files = (
				F3C400C12251128A00131E74 /* Photosophia6Tests.swift in Sources */,
			);
			runOnlyForDeploymentPostprocessing = 0;
		};
		F3C400C32251128A00131E74 /* Sources */ = {
			isa = PBXSourcesBuildPhase;
			buildActionMask = 2147483647;
			files = (
				F3C400CC2251128A00131E74 /* Photosophia6UITests.swift in Sources */,
			);
			runOnlyForDeploymentPostprocessing = 0;
		};
/* End PBXSourcesBuildPhase section */

/* Begin PBXTargetDependency section */
		F3C400BE2251128A00131E74 /* PBXTargetDependency */ = {
			isa = PBXTargetDependency;
			target = F3C400A72251128900131E74 /* Photosophia6 */;
			targetProxy = F3C400BD2251128A00131E74 /* PBXContainerItemProxy */;
		};
		F3C400C92251128A00131E74 /* PBXTargetDependency */ = {
			isa = PBXTargetDependency;
			target = F3C400A72251128900131E74 /* Photosophia6 */;
			targetProxy = F3C400C82251128A00131E74 /* PBXContainerItemProxy */;
		};
/* End PBXTargetDependency section */

/* Begin PBXVariantGroup section */
		F3C400AF2251128900131E74 /* Main.storyboard */ = {
			isa = PBXVariantGroup;
			children = (
				F3C400B02251128900131E74 /* Base */,
			);
			name = Main.storyboard;
			sourceTree = "<group>";
		};
		F3C400B42251128A00131E74 /* LaunchScreen.storyboard */ = {
			isa = PBXVariantGroup;
			children = (
				F3C400B52251128A00131E74 /* Base */,
			);
			name = LaunchScreen.storyboard;
			sourceTree = "<group>";
		};
/* End PBXVariantGroup section */

/* Begin XCBuildConfiguration section */
		F3C400CE2251128A00131E74 /* Debug */ = {
			isa = XCBuildConfiguration;
			buildSettings = {
				ALWAYS_SEARCH_USER_PATHS = NO;
				CLANG_ANALYZER_NONNULL = YES;
				CLANG_ANALYZER_NUMBER_OBJECT_CONVERSION = YES_AGGRESSIVE;
				CLANG_CXX_LANGUAGE_STANDARD = "gnu++14";
				CLANG_CXX_LIBRARY = "libc++";
				CLANG_ENABLE_MODULES = YES;
				CLANG_ENABLE_OBJC_ARC = YES;
				CLANG_ENABLE_OBJC_WEAK = YES;
				CLANG_WARN_BLOCK_CAPTURE_AUTORELEASING = YES;
				CLANG_WARN_BOOL_CONVERSION = YES;
				CLANG_WARN_COMMA = YES;
				CLANG_WARN_CONSTANT_CONVERSION = YES;
				CLANG_WARN_DEPRECATED_OBJC_IMPLEMENTATIONS = YES;
				CLANG_WARN_DIRECT_OBJC_ISA_USAGE = YES_ERROR;
				CLANG_WARN_DOCUMENTATION_COMMENTS = YES;
				CLANG_WARN_EMPTY_BODY = YES;
				CLANG_WARN_ENUM_CONVERSION = YES;
				CLANG_WARN_INFINITE_RECURSION = YES;
				CLANG_WARN_INT_CONVERSION = YES;
				CLANG_WARN_NON_LITERAL_NULL_CONVERSION = YES;
				CLANG_WARN_OBJC_IMPLICIT_RETAIN_SELF = YES;
				CLANG_WARN_OBJC_LITERAL_CONVERSION = YES;
				CLANG_WARN_OBJC_ROOT_CLASS = YES_ERROR;
				CLANG_WARN_RANGE_LOOP_ANALYSIS = YES;
				CLANG_WARN_STRICT_PROTOTYPES = YES;
				CLANG_WARN_SUSPICIOUS_MOVE = YES;
				CLANG_WARN_UNGUARDED_AVAILABILITY = YES_AGGRESSIVE;
				CLANG_WARN_UNREACHABLE_CODE = YES;
				CLANG_WARN__DUPLICATE_METHOD_MATCH = YES;
				CODE_SIGN_IDENTITY = "iPhone Developer";
				COPY_PHASE_STRIP = NO;
				DEBUG_INFORMATION_FORMAT = dwarf;
				ENABLE_STRICT_OBJC_MSGSEND = YES;
				ENABLE_TESTABILITY = YES;
				GCC_C_LANGUAGE_STANDARD = gnu11;
				GCC_DYNAMIC_NO_PIC = NO;
				GCC_NO_COMMON_BLOCKS = YES;
				GCC_OPTIMIZATION_LEVEL = 0;
				GCC_PREPROCESSOR_DEFINITIONS = (
					"DEBUG=1",
					"$(inherited)",
				);
				GCC_WARN_64_TO_32_BIT_CONVERSION = YES;
				GCC_WARN_ABOUT_RETURN_TYPE = YES_ERROR;
				GCC_WARN_UNDECLARED_SELECTOR = YES;
				GCC_WARN_UNINITIALIZED_AUTOS = YES_AGGRESSIVE;
				GCC_WARN_UNUSED_FUNCTION = YES;
				GCC_WARN_UNUSED_VARIABLE = YES;
				IPHONEOS_DEPLOYMENT_TARGET = 12.2;
				MTL_ENABLE_DEBUG_INFO = INCLUDE_SOURCE;
				MTL_FAST_MATH = YES;
				ONLY_ACTIVE_ARCH = YES;
				SDKROOT = iphoneos;
				SWIFT_ACTIVE_COMPILATION_CONDITIONS = DEBUG;
				SWIFT_OPTIMIZATION_LEVEL = "-Onone";
			};
			name = Debug;
		};
		F3C400CF2251128A00131E74 /* Release */ = {
			isa = XCBuildConfiguration;
			buildSettings = {
				ALWAYS_SEARCH_USER_PATHS = NO;
				CLANG_ANALYZER_NONNULL = YES;
				CLANG_ANALYZER_NUMBER_OBJECT_CONVERSION = YES_AGGRESSIVE;
				CLANG_CXX_LANGUAGE_STANDARD = "gnu++14";
				CLANG_CXX_LIBRARY = "libc++";
				CLANG_ENABLE_MODULES = YES;
				CLANG_ENABLE_OBJC_ARC = YES;
				CLANG_ENABLE_OBJC_WEAK = YES;
				CLANG_WARN_BLOCK_CAPTURE_AUTORELEASING = YES;
				CLANG_WARN_BOOL_CONVERSION = YES;
				CLANG_WARN_COMMA = YES;
				CLANG_WARN_CONSTANT_CONVERSION = YES;
				CLANG_WARN_DEPRECATED_OBJC_IMPLEMENTATIONS = YES;
				CLANG_WARN_DIRECT_OBJC_ISA_USAGE = YES_ERROR;
				CLANG_WARN_DOCUMENTATION_COMMENTS = YES;
				CLANG_WARN_EMPTY_BODY = YES;
				CLANG_WARN_ENUM_CONVERSION = YES;
				CLANG_WARN_INFINITE_RECURSION = YES;
				CLANG_WARN_INT_CONVERSION = YES;
				CLANG_WARN_NON_LITERAL_NULL_CONVERSION = YES;
				CLANG_WARN_OBJC_IMPLICIT_RETAIN_SELF = YES;
				CLANG_WARN_OBJC_LITERAL_CONVERSION = YES;
				CLANG_WARN_OBJC_ROOT_CLASS = YES_ERROR;
				CLANG_WARN_RANGE_LOOP_ANALYSIS = YES;
				CLANG_WARN_STRICT_PROTOTYPES = YES;
				CLANG_WARN_SUSPICIOUS_MOVE = YES;
				CLANG_WARN_UNGUARDED_AVAILABILITY = YES_AGGRESSIVE;
				CLANG_WARN_UNREACHABLE_CODE = YES;
				CLANG_WARN__DUPLICATE_METHOD_MATCH = YES;
				CODE_SIGN_IDENTITY = "iPhone Developer";
				COPY_PHASE_STRIP = NO;
				DEBUG_INFORMATION_FORMAT = "dwarf-with-dsym";
				ENABLE_NS_ASSERTIONS = NO;
				ENABLE_STRICT_OBJC_MSGSEND = YES;
				GCC_C_LANGUAGE_STANDARD = gnu11;
				GCC_NO_COMMON_BLOCKS = YES;
				GCC_WARN_64_TO_32_BIT_CONVERSION = YES;
				GCC_WARN_ABOUT_RETURN_TYPE = YES_ERROR;
				GCC_WARN_UNDECLARED_SELECTOR = YES;
				GCC_WARN_UNINITIALIZED_AUTOS = YES_AGGRESSIVE;
				GCC_WARN_UNUSED_FUNCTION = YES;
				GCC_WARN_UNUSED_VARIABLE = YES;
				IPHONEOS_DEPLOYMENT_TARGET = 12.2;
				MTL_ENABLE_DEBUG_INFO = NO;
				MTL_FAST_MATH = YES;
				SDKROOT = iphoneos;
				SWIFT_COMPILATION_MODE = wholemodule;
				SWIFT_OPTIMIZATION_LEVEL = "-O";
				VALIDATE_PRODUCT = YES;
			};
			name = Release;
		};
		F3C400D12251128A00131E74 /* Debug */ = {
			isa = XCBuildConfiguration;
			buildSettings = {
				ASSETCATALOG_COMPILER_APPICON_NAME = AppIcon;
				CODE_SIGN_STYLE = Automatic;
				DEVELOPMENT_TEAM = M4AJR3AUMW;
				INFOPLIST_FILE = Photosophia6/Info.plist;
				LD_RUNPATH_SEARCH_PATHS = (
					"$(inherited)",
					"@executable_path/Frameworks",
				);
				PRODUCT_BUNDLE_IDENTIFIER = th.co.bluedot.Photosophia6;
				PRODUCT_NAME = "$(TARGET_NAME)";
				SWIFT_VERSION = 5.0;
				TARGETED_DEVICE_FAMILY = "1,2";
			};
			name = Debug;
		};
		F3C400D22251128A00131E74 /* Release */ = {
			isa = XCBuildConfiguration;
			buildSettings = {
				ASSETCATALOG_COMPILER_APPICON_NAME = AppIcon;
				CODE_SIGN_STYLE = Automatic;
				DEVELOPMENT_TEAM = M4AJR3AUMW;
				INFOPLIST_FILE = Photosophia6/Info.plist;
				LD_RUNPATH_SEARCH_PATHS = (
					"$(inherited)",
					"@executable_path/Frameworks",
				);
				PRODUCT_BUNDLE_IDENTIFIER = th.co.bluedot.Photosophia6;
				PRODUCT_NAME = "$(TARGET_NAME)";
				SWIFT_VERSION = 5.0;
				TARGETED_DEVICE_FAMILY = "1,2";
			};
			name = Release;
		};
		F3C400D42251128A00131E74 /* Debug */ = {
			isa = XCBuildConfiguration;
			buildSettings = {
				ALWAYS_EMBED_SWIFT_STANDARD_LIBRARIES = YES;
				BUNDLE_LOADER = "$(TEST_HOST)";
				CODE_SIGN_STYLE = Automatic;
				DEVELOPMENT_TEAM = M4AJR3AUMW;
				INFOPLIST_FILE = Photosophia6Tests/Info.plist;
				LD_RUNPATH_SEARCH_PATHS = (
					"$(inherited)",
					"@executable_path/Frameworks",
					"@loader_path/Frameworks",
				);
				PRODUCT_BUNDLE_IDENTIFIER = th.co.bluedot.Photosophia6Tests;
				PRODUCT_NAME = "$(TARGET_NAME)";
				SWIFT_VERSION = 5.0;
				TARGETED_DEVICE_FAMILY = "1,2";
				TEST_HOST = "$(BUILT_PRODUCTS_DIR)/Photosophia6.app/Photosophia6";
			};
			name = Debug;
		};
		F3C400D52251128A00131E74 /* Release */ = {
			isa = XCBuildConfiguration;
			buildSettings = {
				ALWAYS_EMBED_SWIFT_STANDARD_LIBRARIES = YES;
				BUNDLE_LOADER = "$(TEST_HOST)";
				CODE_SIGN_STYLE = Automatic;
				DEVELOPMENT_TEAM = M4AJR3AUMW;
				INFOPLIST_FILE = Photosophia6Tests/Info.plist;
				LD_RUNPATH_SEARCH_PATHS = (
					"$(inherited)",
					"@executable_path/Frameworks",
					"@loader_path/Frameworks",
				);
				PRODUCT_BUNDLE_IDENTIFIER = th.co.bluedot.Photosophia6Tests;
				PRODUCT_NAME = "$(TARGET_NAME)";
				SWIFT_VERSION = 5.0;
				TARGETED_DEVICE_FAMILY = "1,2";
				TEST_HOST = "$(BUILT_PRODUCTS_DIR)/Photosophia6.app/Photosophia6";
			};
			name = Release;
		};
		F3C400D72251128A00131E74 /* Debug */ = {
			isa = XCBuildConfiguration;
			buildSettings = {
				ALWAYS_EMBED_SWIFT_STANDARD_LIBRARIES = YES;
				CODE_SIGN_STYLE = Automatic;
				DEVELOPMENT_TEAM = M4AJR3AUMW;
				INFOPLIST_FILE = Photosophia6UITests/Info.plist;
				LD_RUNPATH_SEARCH_PATHS = (
					"$(inherited)",
					"@executable_path/Frameworks",
					"@loader_path/Frameworks",
				);
				PRODUCT_BUNDLE_IDENTIFIER = th.co.bluedot.Photosophia6UITests;
				PRODUCT_NAME = "$(TARGET_NAME)";
				SWIFT_VERSION = 5.0;
				TARGETED_DEVICE_FAMILY = "1,2";
				TEST_TARGET_NAME = Photosophia6;
			};
			name = Debug;
		};
		F3C400D82251128A00131E74 /* Release */ = {
			isa = XCBuildConfiguration;
			buildSettings = {
				ALWAYS_EMBED_SWIFT_STANDARD_LIBRARIES = YES;
				CODE_SIGN_STYLE = Automatic;
				DEVELOPMENT_TEAM = M4AJR3AUMW;
				INFOPLIST_FILE = Photosophia6UITests/Info.plist;
				LD_RUNPATH_SEARCH_PATHS = (
					"$(inherited)",
					"@executable_path/Frameworks",
					"@loader_path/Frameworks",
				);
				PRODUCT_BUNDLE_IDENTIFIER = th.co.bluedot.Photosophia6UITests;
				PRODUCT_NAME = "$(TARGET_NAME)";
				SWIFT_VERSION = 5.0;
				TARGETED_DEVICE_FAMILY = "1,2";
				TEST_TARGET_NAME = Photosophia6;
			};
			name = Release;
		};
/* End XCBuildConfiguration section */

/* Begin XCConfigurationList section */
		F3C400A32251128800131E74 /* Build configuration list for PBXProject "Photosophia6" */ = {
			isa = XCConfigurationList;
			buildConfigurations = (
				F3C400CE2251128A00131E74 /* Debug */,
				F3C400CF2251128A00131E74 /* Release */,
			);
			defaultConfigurationIsVisible = 0;
			defaultConfigurationName = Release;
		};
		F3C400D02251128A00131E74 /* Build configuration list for PBXNativeTarget "Photosophia6" */ = {
			isa = XCConfigurationList;
			buildConfigurations = (
				F3C400D12251128A00131E74 /* Debug */,
				F3C400D22251128A00131E74 /* Release */,
			);
			defaultConfigurationIsVisible = 0;
			defaultConfigurationName = Release;
		};
		F3C400D32251128A00131E74 /* Build configuration list for PBXNativeTarget "Photosophia6Tests" */ = {
			isa = XCConfigurationList;
			buildConfigurations = (
				F3C400D42251128A00131E74 /* Debug */,
				F3C400D52251128A00131E74 /* Release */,
			);
			defaultConfigurationIsVisible = 0;
			defaultConfigurationName = Release;
		};
		F3C400D62251128A00131E74 /* Build configuration list for PBXNativeTarget "Photosophia6UITests" */ = {
			isa = XCConfigurationList;
			buildConfigurations = (
				F3C400D72251128A00131E74 /* Debug */,
				F3C400D82251128A00131E74 /* Release */,
			);
			defaultConfigurationIsVisible = 0;
			defaultConfigurationName = Release;
		};
/* End XCConfigurationList section */
	};
	rootObject = F3C400A02251128800131E74 /* Project object */;
}
